// !$*UTF8*$!
{
	archiveVersion = 1;
	classes = {
	};
	objectVersion = 55;
	objects = {

/* Begin PBXBuildFile section */
		02104C2B27BFDC8D007889A0 /* AppDelegate.swift in Sources */ = {isa = PBXBuildFile; fileRef = 02104C2A27BFDC8D007889A0 /* AppDelegate.swift */; };
		02104C2D27BFDC8D007889A0 /* SceneDelegate.swift in Sources */ = {isa = PBXBuildFile; fileRef = 02104C2C27BFDC8D007889A0 /* SceneDelegate.swift */; };
		02104C2F27BFDC8D007889A0 /* ViewController.swift in Sources */ = {isa = PBXBuildFile; fileRef = 02104C2E27BFDC8D007889A0 /* ViewController.swift */; };
		02104C3227BFDC8D007889A0 /* Main.storyboard in Resources */ = {isa = PBXBuildFile; fileRef = 02104C3027BFDC8D007889A0 /* Main.storyboard */; };
		02104C3427BFDC8E007889A0 /* Assets.xcassets in Resources */ = {isa = PBXBuildFile; fileRef = 02104C3327BFDC8E007889A0 /* Assets.xcassets */; };
		02104C3727BFDC8E007889A0 /* LaunchScreen.storyboard in Resources */ = {isa = PBXBuildFile; fileRef = 02104C3527BFDC8E007889A0 /* LaunchScreen.storyboard */; };
		02104C4227BFDC8F007889A0 /* Feb18_SimpleCalculatorTests.swift in Sources */ = {isa = PBXBuildFile; fileRef = 02104C4127BFDC8F007889A0 /* Feb18_SimpleCalculatorTests.swift */; };
		02104C4C27BFDC8F007889A0 /* Feb18_SimpleCalculatorUITests.swift in Sources */ = {isa = PBXBuildFile; fileRef = 02104C4B27BFDC8F007889A0 /* Feb18_SimpleCalculatorUITests.swift */; };
		02104C4E27BFDC8F007889A0 /* Feb18_SimpleCalculatorUITestsLaunchTests.swift in Sources */ = {isa = PBXBuildFile; fileRef = 02104C4D27BFDC8F007889A0 /* Feb18_SimpleCalculatorUITestsLaunchTests.swift */; };
/* End PBXBuildFile section */

/* Begin PBXContainerItemProxy section */
		02104C3E27BFDC8F007889A0 /* PBXContainerItemProxy */ = {
			isa = PBXContainerItemProxy;
			containerPortal = 02104C1F27BFDC8C007889A0 /* Project object */;
			proxyType = 1;
			remoteGlobalIDString = 02104C2627BFDC8C007889A0;
			remoteInfo = Feb18_SimpleCalculator;
		};
		02104C4827BFDC8F007889A0 /* PBXContainerItemProxy */ = {
			isa = PBXContainerItemProxy;
			containerPortal = 02104C1F27BFDC8C007889A0 /* Project object */;
			proxyType = 1;
			remoteGlobalIDString = 02104C2627BFDC8C007889A0;
			remoteInfo = Feb18_SimpleCalculator;
		};
/* End PBXContainerItemProxy section */

/* Begin PBXFileReference section */
		02104C2727BFDC8D007889A0 /* Feb18_SimpleCalculator.app */ = {isa = PBXFileReference; explicitFileType = wrapper.application; includeInIndex = 0; path = Feb18_SimpleCalculator.app; sourceTree = BUILT_PRODUCTS_DIR; };
		02104C2A27BFDC8D007889A0 /* AppDelegate.swift */ = {isa = PBXFileReference; lastKnownFileType = sourcecode.swift; path = AppDelegate.swift; sourceTree = "<group>"; };
		02104C2C27BFDC8D007889A0 /* SceneDelegate.swift */ = {isa = PBXFileReference; lastKnownFileType = sourcecode.swift; path = SceneDelegate.swift; sourceTree = "<group>"; };
		02104C2E27BFDC8D007889A0 /* ViewController.swift */ = {isa = PBXFileReference; lastKnownFileType = sourcecode.swift; path = ViewController.swift; sourceTree = "<group>"; };
		02104C3127BFDC8D007889A0 /* Base */ = {isa = PBXFileReference; lastKnownFileType = file.storyboard; name = Base; path = Base.lproj/Main.storyboard; sourceTree = "<group>"; };
		02104C3327BFDC8E007889A0 /* Assets.xcassets */ = {isa = PBXFileReference; lastKnownFileType = folder.assetcatalog; path = Assets.xcassets; sourceTree = "<group>"; };
		02104C3627BFDC8E007889A0 /* Base */ = {isa = PBXFileReference; lastKnownFileType = file.storyboard; name = Base; path = Base.lproj/LaunchScreen.storyboard; sourceTree = "<group>"; };
		02104C3827BFDC8E007889A0 /* Info.plist */ = {isa = PBXFileReference; lastKnownFileType = text.plist.xml; path = Info.plist; sourceTree = "<group>"; };
		02104C3D27BFDC8F007889A0 /* Feb18_SimpleCalculatorTests.xctest */ = {isa = PBXFileReference; explicitFileType = wrapper.cfbundle; includeInIndex = 0; path = Feb18_SimpleCalculatorTests.xctest; sourceTree = BUILT_PRODUCTS_DIR; };
		02104C4127BFDC8F007889A0 /* Feb18_SimpleCalculatorTests.swift */ = {isa = PBXFileReference; lastKnownFileType = sourcecode.swift; path = Feb18_SimpleCalculatorTests.swift; sourceTree = "<group>"; };
		02104C4727BFDC8F007889A0 /* Feb18_SimpleCalculatorUITests.xctest */ = {isa = PBXFileReference; explicitFileType = wrapper.cfbundle; includeInIndex = 0; path = Feb18_SimpleCalculatorUITests.xctest; sourceTree = BUILT_PRODUCTS_DIR; };
		02104C4B27BFDC8F007889A0 /* Feb18_SimpleCalculatorUITests.swift */ = {isa = PBXFileReference; lastKnownFileType = sourcecode.swift; path = Feb18_SimpleCalculatorUITests.swift; sourceTree = "<group>"; };
		02104C4D27BFDC8F007889A0 /* Feb18_SimpleCalculatorUITestsLaunchTests.swift */ = {isa = PBXFileReference; lastKnownFileType = sourcecode.swift; path = Feb18_SimpleCalculatorUITestsLaunchTests.swift; sourceTree = "<group>"; };
/* End PBXFileReference section */

/* Begin PBXFrameworksBuildPhase section */
		02104C2427BFDC8C007889A0 /* Frameworks */ = {
			isa = PBXFrameworksBuildPhase;
			buildActionMask = 2147483647;
			files = (
			);
			runOnlyForDeploymentPostprocessing = 0;
		};
		02104C3A27BFDC8F007889A0 /* Frameworks */ = {
			isa = PBXFrameworksBuildPhase;
			buildActionMask = 2147483647;
			files = (
			);
			runOnlyForDeploymentPostprocessing = 0;
		};
		02104C4427BFDC8F007889A0 /* Frameworks */ = {
			isa = PBXFrameworksBuildPhase;
			buildActionMask = 2147483647;
			files = (
			);
			runOnlyForDeploymentPostprocessing = 0;
		};
/* End PBXFrameworksBuildPhase section */

/* Begin PBXGroup section */
		02104C1E27BFDC8C007889A0 = {
			isa = PBXGroup;
			children = (
				02104C2927BFDC8D007889A0 /* Feb18_SimpleCalculator */,
				02104C4027BFDC8F007889A0 /* Feb18_SimpleCalculatorTests */,
				02104C4A27BFDC8F007889A0 /* Feb18_SimpleCalculatorUITests */,
				02104C2827BFDC8D007889A0 /* Products */,
			);
			sourceTree = "<group>";
		};
		02104C2827BFDC8D007889A0 /* Products */ = {
			isa = PBXGroup;
			children = (
				02104C2727BFDC8D007889A0 /* Feb18_SimpleCalculator.app */,
				02104C3D27BFDC8F007889A0 /* Feb18_SimpleCalculatorTests.xctest */,
				02104C4727BFDC8F007889A0 /* Feb18_SimpleCalculatorUITests.xctest */,
			);
			name = Products;
			sourceTree = "<group>";
		};
		02104C2927BFDC8D007889A0 /* Feb18_SimpleCalculator */ = {
			isa = PBXGroup;
			children = (
				02104C2A27BFDC8D007889A0 /* AppDelegate.swift */,
				02104C2C27BFDC8D007889A0 /* SceneDelegate.swift */,
				02104C2E27BFDC8D007889A0 /* ViewController.swift */,
				02104C3027BFDC8D007889A0 /* Main.storyboard */,
				02104C3327BFDC8E007889A0 /* Assets.xcassets */,
				02104C3527BFDC8E007889A0 /* LaunchScreen.storyboard */,
				02104C3827BFDC8E007889A0 /* Info.plist */,
			);
			path = Feb18_SimpleCalculator;
			sourceTree = "<group>";
		};
		02104C4027BFDC8F007889A0 /* Feb18_SimpleCalculatorTests */ = {
			isa = PBXGroup;
			children = (
				02104C4127BFDC8F007889A0 /* Feb18_SimpleCalculatorTests.swift */,
			);
			path = Feb18_SimpleCalculatorTests;
			sourceTree = "<group>";
		};
		02104C4A27BFDC8F007889A0 /* Feb18_SimpleCalculatorUITests */ = {
			isa = PBXGroup;
			children = (
				02104C4B27BFDC8F007889A0 /* Feb18_SimpleCalculatorUITests.swift */,
				02104C4D27BFDC8F007889A0 /* Feb18_SimpleCalculatorUITestsLaunchTests.swift */,
			);
			path = Feb18_SimpleCalculatorUITests;
			sourceTree = "<group>";
		};
/* End PBXGroup section */

/* Begin PBXNativeTarget section */
		02104C2627BFDC8C007889A0 /* Feb18_SimpleCalculator */ = {
			isa = PBXNativeTarget;
			buildConfigurationList = 02104C5127BFDC8F007889A0 /* Build configuration list for PBXNativeTarget "Feb18_SimpleCalculator" */;
			buildPhases = (
				02104C2327BFDC8C007889A0 /* Sources */,
				02104C2427BFDC8C007889A0 /* Frameworks */,
				02104C2527BFDC8C007889A0 /* Resources */,
			);
			buildRules = (
			);
			dependencies = (
			);
			name = Feb18_SimpleCalculator;
			productName = Feb18_SimpleCalculator;
			productReference = 02104C2727BFDC8D007889A0 /* Feb18_SimpleCalculator.app */;
			productType = "com.apple.product-type.application";
		};
		02104C3C27BFDC8F007889A0 /* Feb18_SimpleCalculatorTests */ = {
			isa = PBXNativeTarget;
			buildConfigurationList = 02104C5427BFDC8F007889A0 /* Build configuration list for PBXNativeTarget "Feb18_SimpleCalculatorTests" */;
			buildPhases = (
				02104C3927BFDC8F007889A0 /* Sources */,
				02104C3A27BFDC8F007889A0 /* Frameworks */,
				02104C3B27BFDC8F007889A0 /* Resources */,
			);
			buildRules = (
			);
			dependencies = (
				02104C3F27BFDC8F007889A0 /* PBXTargetDependency */,
			);
			name = Feb18_SimpleCalculatorTests;
			productName = Feb18_SimpleCalculatorTests;
			productReference = 02104C3D27BFDC8F007889A0 /* Feb18_SimpleCalculatorTests.xctest */;
			productType = "com.apple.product-type.bundle.unit-test";
		};
		02104C4627BFDC8F007889A0 /* Feb18_SimpleCalculatorUITests */ = {
			isa = PBXNativeTarget;
			buildConfigurationList = 02104C5727BFDC8F007889A0 /* Build configuration list for PBXNativeTarget "Feb18_SimpleCalculatorUITests" */;
			buildPhases = (
				02104C4327BFDC8F007889A0 /* Sources */,
				02104C4427BFDC8F007889A0 /* Frameworks */,
				02104C4527BFDC8F007889A0 /* Resources */,
			);
			buildRules = (
			);
			dependencies = (
				02104C4927BFDC8F007889A0 /* PBXTargetDependency */,
			);
			name = Feb18_SimpleCalculatorUITests;
			productName = Feb18_SimpleCalculatorUITests;
			productReference = 02104C4727BFDC8F007889A0 /* Feb18_SimpleCalculatorUITests.xctest */;
			productType = "com.apple.product-type.bundle.ui-testing";
		};
/* End PBXNativeTarget section */

/* Begin PBXProject section */
		02104C1F27BFDC8C007889A0 /* Project object */ = {
			isa = PBXProject;
			attributes = {
				BuildIndependentTargetsInParallel = 1;
				LastSwiftUpdateCheck = 1320;
				LastUpgradeCheck = 1320;
				TargetAttributes = {
					02104C2627BFDC8C007889A0 = {
						CreatedOnToolsVersion = 13.2.1;
					};
					02104C3C27BFDC8F007889A0 = {
						CreatedOnToolsVersion = 13.2.1;
						TestTargetID = 02104C2627BFDC8C007889A0;
					};
					02104C4627BFDC8F007889A0 = {
						CreatedOnToolsVersion = 13.2.1;
						TestTargetID = 02104C2627BFDC8C007889A0;
					};
				};
			};
			buildConfigurationList = 02104C2227BFDC8C007889A0 /* Build configuration list for PBXProject "Feb18_SimpleCalculator" */;
			compatibilityVersion = "Xcode 13.0";
			developmentRegion = en;
			hasScannedForEncodings = 0;
			knownRegions = (
				en,
				Base,
			);
			mainGroup = 02104C1E27BFDC8C007889A0;
			productRefGroup = 02104C2827BFDC8D007889A0 /* Products */;
			projectDirPath = "";
			projectRoot = "";
			targets = (
				02104C2627BFDC8C007889A0 /* Feb18_SimpleCalculator */,
				02104C3C27BFDC8F007889A0 /* Feb18_SimpleCalculatorTests */,
				02104C4627BFDC8F007889A0 /* Feb18_SimpleCalculatorUITests */,
			);
		};
/* End PBXProject section */

/* Begin PBXResourcesBuildPhase section */
		02104C2527BFDC8C007889A0 /* Resources */ = {
			isa = PBXResourcesBuildPhase;
			buildActionMask = 2147483647;
			files = (
				02104C3727BFDC8E007889A0 /* LaunchScreen.storyboard in Resources */,
				02104C3427BFDC8E007889A0 /* Assets.xcassets in Resources */,
				02104C3227BFDC8D007889A0 /* Main.storyboard in Resources */,
			);
			runOnlyForDeploymentPostprocessing = 0;
		};
		02104C3B27BFDC8F007889A0 /* Resources */ = {
			isa = PBXResourcesBuildPhase;
			buildActionMask = 2147483647;
			files = (
			);
			runOnlyForDeploymentPostprocessing = 0;
		};
		02104C4527BFDC8F007889A0 /* Resources */ = {
			isa = PBXResourcesBuildPhase;
			buildActionMask = 2147483647;
			files = (
			);
			runOnlyForDeploymentPostprocessing = 0;
		};
/* End PBXResourcesBuildPhase section */

/* Begin PBXSourcesBuildPhase section */
		02104C2327BFDC8C007889A0 /* Sources */ = {
			isa = PBXSourcesBuildPhase;
			buildActionMask = 2147483647;
			files = (
				02104C2F27BFDC8D007889A0 /* ViewController.swift in Sources */,
				02104C2B27BFDC8D007889A0 /* AppDelegate.swift in Sources */,
				02104C2D27BFDC8D007889A0 /* SceneDelegate.swift in Sources */,
			);
			runOnlyForDeploymentPostprocessing = 0;
		};
		02104C3927BFDC8F007889A0 /* Sources */ = {
			isa = PBXSourcesBuildPhase;
			buildActionMask = 2147483647;
			files = (
				02104C4227BFDC8F007889A0 /* Feb18_SimpleCalculatorTests.swift in Sources */,
			);
			runOnlyForDeploymentPostprocessing = 0;
		};
		02104C4327BFDC8F007889A0 /* Sources */ = {
			isa = PBXSourcesBuildPhase;
			buildActionMask = 2147483647;
			files = (
				02104C4C27BFDC8F007889A0 /* Feb18_SimpleCalculatorUITests.swift in Sources */,
				02104C4E27BFDC8F007889A0 /* Feb18_SimpleCalculatorUITestsLaunchTests.swift in Sources */,
			);
			runOnlyForDeploymentPostprocessing = 0;
		};
/* End PBXSourcesBuildPhase section */

/* Begin PBXTargetDependency section */
		02104C3F27BFDC8F007889A0 /* PBXTargetDependency */ = {
			isa = PBXTargetDependency;
			target = 02104C2627BFDC8C007889A0 /* Feb18_SimpleCalculator */;
			targetProxy = 02104C3E27BFDC8F007889A0 /* PBXContainerItemProxy */;
		};
		02104C4927BFDC8F007889A0 /* PBXTargetDependency */ = {
			isa = PBXTargetDependency;
			target = 02104C2627BFDC8C007889A0 /* Feb18_SimpleCalculator */;
			targetProxy = 02104C4827BFDC8F007889A0 /* PBXContainerItemProxy */;
		};
/* End PBXTargetDependency section */

/* Begin PBXVariantGroup section */
		02104C3027BFDC8D007889A0 /* Main.storyboard */ = {
			isa = PBXVariantGroup;
			children = (
				02104C3127BFDC8D007889A0 /* Base */,
			);
			name = Main.storyboard;
			sourceTree = "<group>";
		};
		02104C3527BFDC8E007889A0 /* LaunchScreen.storyboard */ = {
			isa = PBXVariantGroup;
			children = (
				02104C3627BFDC8E007889A0 /* Base */,
			);
			name = LaunchScreen.storyboard;
			sourceTree = "<group>";
		};
/* End PBXVariantGroup section */

/* Begin XCBuildConfiguration section */
		02104C4F27BFDC8F007889A0 /* Debug */ = {
			isa = XCBuildConfiguration;
			buildSettings = {
				ALWAYS_SEARCH_USER_PATHS = NO;
				CLANG_ANALYZER_NONNULL = YES;
				CLANG_ANALYZER_NUMBER_OBJECT_CONVERSION = YES_AGGRESSIVE;
				CLANG_CXX_LANGUAGE_STANDARD = "gnu++17";
				CLANG_CXX_LIBRARY = "libc++";
				CLANG_ENABLE_MODULES = YES;
				CLANG_ENABLE_OBJC_ARC = YES;
				CLANG_ENABLE_OBJC_WEAK = YES;
				CLANG_WARN_BLOCK_CAPTURE_AUTORELEASING = YES;
				CLANG_WARN_BOOL_CONVERSION = YES;
				CLANG_WARN_COMMA = YES;
				CLANG_WARN_CONSTANT_CONVERSION = YES;
				CLANG_WARN_DEPRECATED_OBJC_IMPLEMENTATIONS = YES;
				CLANG_WARN_DIRECT_OBJC_ISA_USAGE = YES_ERROR;
				CLANG_WARN_DOCUMENTATION_COMMENTS = YES;
				CLANG_WARN_EMPTY_BODY = YES;
				CLANG_WARN_ENUM_CONVERSION = YES;
				CLANG_WARN_INFINITE_RECURSION = YES;
				CLANG_WARN_INT_CONVERSION = YES;
				CLANG_WARN_NON_LITERAL_NULL_CONVERSION = YES;
				CLANG_WARN_OBJC_IMPLICIT_RETAIN_SELF = YES;
				CLANG_WARN_OBJC_LITERAL_CONVERSION = YES;
				CLANG_WARN_OBJC_ROOT_CLASS = YES_ERROR;
				CLANG_WARN_QUOTED_INCLUDE_IN_FRAMEWORK_HEADER = YES;
				CLANG_WARN_RANGE_LOOP_ANALYSIS = YES;
				CLANG_WARN_STRICT_PROTOTYPES = YES;
				CLANG_WARN_SUSPICIOUS_MOVE = YES;
				CLANG_WARN_UNGUARDED_AVAILABILITY = YES_AGGRESSIVE;
				CLANG_WARN_UNREACHABLE_CODE = YES;
				CLANG_WARN__DUPLICATE_METHOD_MATCH = YES;
				COPY_PHASE_STRIP = NO;
				DEBUG_INFORMATION_FORMAT = dwarf;
				ENABLE_STRICT_OBJC_MSGSEND = YES;
				ENABLE_TESTABILITY = YES;
				GCC_C_LANGUAGE_STANDARD = gnu11;
				GCC_DYNAMIC_NO_PIC = NO;
				GCC_NO_COMMON_BLOCKS = YES;
				GCC_OPTIMIZATION_LEVEL = 0;
				GCC_PREPROCESSOR_DEFINITIONS = (
					"DEBUG=1",
					"$(inherited)",
				);
				GCC_WARN_64_TO_32_BIT_CONVERSION = YES;
				GCC_WARN_ABOUT_RETURN_TYPE = YES_ERROR;
				GCC_WARN_UNDECLARED_SELECTOR = YES;
				GCC_WARN_UNINITIALIZED_AUTOS = YES_AGGRESSIVE;
				GCC_WARN_UNUSED_FUNCTION = YES;
				GCC_WARN_UNUSED_VARIABLE = YES;
				IPHONEOS_DEPLOYMENT_TARGET = 15.2;
				MTL_ENABLE_DEBUG_INFO = INCLUDE_SOURCE;
				MTL_FAST_MATH = YES;
				ONLY_ACTIVE_ARCH = YES;
				SDKROOT = iphoneos;
				SWIFT_ACTIVE_COMPILATION_CONDITIONS = DEBUG;
				SWIFT_OPTIMIZATION_LEVEL = "-Onone";
			};
			name = Debug;
		};
		02104C5027BFDC8F007889A0 /* Release */ = {
			isa = XCBuildConfiguration;
			buildSettings = {
				ALWAYS_SEARCH_USER_PATHS = NO;
				CLANG_ANALYZER_NONNULL = YES;
				CLANG_ANALYZER_NUMBER_OBJECT_CONVERSION = YES_AGGRESSIVE;
				CLANG_CXX_LANGUAGE_STANDARD = "gnu++17";
				CLANG_CXX_LIBRARY = "libc++";
				CLANG_ENABLE_MODULES = YES;
				CLANG_ENABLE_OBJC_ARC = YES;
				CLANG_ENABLE_OBJC_WEAK = YES;
				CLANG_WARN_BLOCK_CAPTURE_AUTORELEASING = YES;
				CLANG_WARN_BOOL_CONVERSION = YES;
				CLANG_WARN_COMMA = YES;
				CLANG_WARN_CONSTANT_CONVERSION = YES;
				CLANG_WARN_DEPRECATED_OBJC_IMPLEMENTATIONS = YES;
				CLANG_WARN_DIRECT_OBJC_ISA_USAGE = YES_ERROR;
				CLANG_WARN_DOCUMENTATION_COMMENTS = YES;
				CLANG_WARN_EMPTY_BODY = YES;
				CLANG_WARN_ENUM_CONVERSION = YES;
				CLANG_WARN_INFINITE_RECURSION = YES;
				CLANG_WARN_INT_CONVERSION = YES;
				CLANG_WARN_NON_LITERAL_NULL_CONVERSION = YES;
				CLANG_WARN_OBJC_IMPLICIT_RETAIN_SELF = YES;
				CLANG_WARN_OBJC_LITERAL_CONVERSION = YES;
				CLANG_WARN_OBJC_ROOT_CLASS = YES_ERROR;
				CLANG_WARN_QUOTED_INCLUDE_IN_FRAMEWORK_HEADER = YES;
				CLANG_WARN_RANGE_LOOP_ANALYSIS = YES;
				CLANG_WARN_STRICT_PROTOTYPES = YES;
				CLANG_WARN_SUSPICIOUS_MOVE = YES;
				CLANG_WARN_UNGUARDED_AVAILABILITY = YES_AGGRESSIVE;
				CLANG_WARN_UNREACHABLE_CODE = YES;
				CLANG_WARN__DUPLICATE_METHOD_MATCH = YES;
				COPY_PHASE_STRIP = NO;
				DEBUG_INFORMATION_FORMAT = "dwarf-with-dsym";
				ENABLE_NS_ASSERTIONS = NO;
				ENABLE_STRICT_OBJC_MSGSEND = YES;
				GCC_C_LANGUAGE_STANDARD = gnu11;
				GCC_NO_COMMON_BLOCKS = YES;
				GCC_WARN_64_TO_32_BIT_CONVERSION = YES;
				GCC_WARN_ABOUT_RETURN_TYPE = YES_ERROR;
				GCC_WARN_UNDECLARED_SELECTOR = YES;
				GCC_WARN_UNINITIALIZED_AUTOS = YES_AGGRESSIVE;
				GCC_WARN_UNUSED_FUNCTION = YES;
				GCC_WARN_UNUSED_VARIABLE = YES;
				IPHONEOS_DEPLOYMENT_TARGET = 15.2;
				MTL_ENABLE_DEBUG_INFO = NO;
				MTL_FAST_MATH = YES;
				SDKROOT = iphoneos;
				SWIFT_COMPILATION_MODE = wholemodule;
				SWIFT_OPTIMIZATION_LEVEL = "-O";
				VALIDATE_PRODUCT = YES;
			};
			name = Release;
		};
		02104C5227BFDC8F007889A0 /* Debug */ = {
			isa = XCBuildConfiguration;
			buildSettings = {
				ASSETCATALOG_COMPILER_APPICON_NAME = AppIcon;
				ASSETCATALOG_COMPILER_GLOBAL_ACCENT_COLOR_NAME = AccentColor;
				CODE_SIGN_STYLE = Automatic;
				CURRENT_PROJECT_VERSION = 1;
				DEVELOPMENT_TEAM = FR9WL9V753;
				GENERATE_INFOPLIST_FILE = YES;
				INFOPLIST_FILE = Feb18_SimpleCalculator/Info.plist;
				INFOPLIST_KEY_UIApplicationSupportsIndirectInputEvents = YES;
				INFOPLIST_KEY_UILaunchStoryboardName = LaunchScreen;
				INFOPLIST_KEY_UIMainStoryboardFile = Main;
				INFOPLIST_KEY_UISupportedInterfaceOrientations_iPad = "UIInterfaceOrientationPortrait UIInterfaceOrientationPortraitUpsideDown UIInterfaceOrientationLandscapeLeft UIInterfaceOrientationLandscapeRight";
				INFOPLIST_KEY_UISupportedInterfaceOrientations_iPhone = "UIInterfaceOrientationPortrait UIInterfaceOrientationLandscapeLeft UIInterfaceOrientationLandscapeRight";
				LD_RUNPATH_SEARCH_PATHS = (
					"$(inherited)",
					"@executable_path/Frameworks",
				);
				MARKETING_VERSION = 1.0;
				PRODUCT_BUNDLE_IDENTIFIER = "swift-test-personal.Feb18-SimpleCalculator";
				PRODUCT_NAME = "$(TARGET_NAME)";
				SWIFT_EMIT_LOC_STRINGS = YES;
				SWIFT_VERSION = 5.0;
				TARGETED_DEVICE_FAMILY = "1,2";
			};
			name = Debug;
		};
		02104C5327BFDC8F007889A0 /* Release */ = {
			isa = XCBuildConfiguration;
			buildSettings = {
				ASSETCATALOG_COMPILER_APPICON_NAME = AppIcon;
				ASSETCATALOG_COMPILER_GLOBAL_ACCENT_COLOR_NAME = AccentColor;
				CODE_SIGN_STYLE = Automatic;
				CURRENT_PROJECT_VERSION = 1;
				DEVELOPMENT_TEAM = FR9WL9V753;
				GENERATE_INFOPLIST_FILE = YES;
				INFOPLIST_FILE = Feb18_SimpleCalculator/Info.plist;
				INFOPLIST_KEY_UIApplicationSupportsIndirectInputEvents = YES;
				INFOPLIST_KEY_UILaunchStoryboardName = LaunchScreen;
				INFOPLIST_KEY_UIMainStoryboardFile = Main;
				INFOPLIST_KEY_UISupportedInterfaceOrientations_iPad = "UIInterfaceOrientationPortrait UIInterfaceOrientationPortraitUpsideDown UIInterfaceOrientationLandscapeLeft UIInterfaceOrientationLandscapeRight";
				INFOPLIST_KEY_UISupportedInterfaceOrientations_iPhone = "UIInterfaceOrientationPortrait UIInterfaceOrientationLandscapeLeft UIInterfaceOrientationLandscapeRight";
				LD_RUNPATH_SEARCH_PATHS = (
					"$(inherited)",
					"@executable_path/Frameworks",
				);
				MARKETING_VERSION = 1.0;
				PRODUCT_BUNDLE_IDENTIFIER = "swift-test-personal.Feb18-SimpleCalculator";
				PRODUCT_NAME = "$(TARGET_NAME)";
				SWIFT_EMIT_LOC_STRINGS = YES;
				SWIFT_VERSION = 5.0;
				TARGETED_DEVICE_FAMILY = "1,2";
			};
			name = Release;
		};
		02104C5527BFDC8F007889A0 /* Debug */ = {
			isa = XCBuildConfiguration;
			buildSettings = {
				ALWAYS_EMBED_SWIFT_STANDARD_LIBRARIES = YES;
				BUNDLE_LOADER = "$(TEST_HOST)";
				CODE_SIGN_STYLE = Automatic;
				CURRENT_PROJECT_VERSION = 1;
				DEVELOPMENT_TEAM = FR9WL9V753;
				GENERATE_INFOPLIST_FILE = YES;
				IPHONEOS_DEPLOYMENT_TARGET = 15.2;
				MARKETING_VERSION = 1.0;
				PRODUCT_BUNDLE_IDENTIFIER = "swift-test-personal.Feb18-SimpleCalculatorTests";
				PRODUCT_NAME = "$(TARGET_NAME)";
				SWIFT_EMIT_LOC_STRINGS = NO;
				SWIFT_VERSION = 5.0;
				TARGETED_DEVICE_FAMILY = "1,2";
				TEST_HOST = "$(BUILT_PRODUCTS_DIR)/Feb18_SimpleCalculator.app/Feb18_SimpleCalculator";
			};
			name = Debug;
		};
		02104C5627BFDC8F007889A0 /* Release */ = {
			isa = XCBuildConfiguration;
			buildSettings = {
				ALWAYS_EMBED_SWIFT_STANDARD_LIBRARIES = YES;
				BUNDLE_LOADER = "$(TEST_HOST)";
				CODE_SIGN_STYLE = Automatic;
				CURRENT_PROJECT_VERSION = 1;
				DEVELOPMENT_TEAM = FR9WL9V753;
				GENERATE_INFOPLIST_FILE = YES;
				IPHONEOS_DEPLOYMENT_TARGET = 15.2;
				MARKETING_VERSION = 1.0;
				PRODUCT_BUNDLE_IDENTIFIER = "swift-test-personal.Feb18-SimpleCalculatorTests";
				PRODUCT_NAME = "$(TARGET_NAME)";
				SWIFT_EMIT_LOC_STRINGS = NO;
				SWIFT_VERSION = 5.0;
				TARGETED_DEVICE_FAMILY = "1,2";
				TEST_HOST = "$(BUILT_PRODUCTS_DIR)/Feb18_SimpleCalculator.app/Feb18_SimpleCalculator";
			};
			name = Release;
		};
		02104C5827BFDC8F007889A0 /* Debug */ = {
			isa = XCBuildConfiguration;
			buildSettings = {
				ALWAYS_EMBED_SWIFT_STANDARD_LIBRARIES = YES;
				CODE_SIGN_STYLE = Automatic;
				CURRENT_PROJECT_VERSION = 1;
				DEVELOPMENT_TEAM = FR9WL9V753;
				GENERATE_INFOPLIST_FILE = YES;
				MARKETING_VERSION = 1.0;
				PRODUCT_BUNDLE_IDENTIFIER = "swift-test-personal.Feb18-SimpleCalculatorUITests";
				PRODUCT_NAME = "$(TARGET_NAME)";
				SWIFT_EMIT_LOC_STRINGS = NO;
				SWIFT_VERSION = 5.0;
				TARGETED_DEVICE_FAMILY = "1,2";
				TEST_TARGET_NAME = Feb18_SimpleCalculator;
			};
			name = Debug;
		};
		02104C5927BFDC8F007889A0 /* Release */ = {
			isa = XCBuildConfiguration;
			buildSettings = {
				ALWAYS_EMBED_SWIFT_STANDARD_LIBRARIES = YES;
				CODE_SIGN_STYLE = Automatic;
				CURRENT_PROJECT_VERSION = 1;
				DEVELOPMENT_TEAM = FR9WL9V753;
				GENERATE_INFOPLIST_FILE = YES;
				MARKETING_VERSION = 1.0;
				PRODUCT_BUNDLE_IDENTIFIER = "swift-test-personal.Feb18-SimpleCalculatorUITests";
				PRODUCT_NAME = "$(TARGET_NAME)";
				SWIFT_EMIT_LOC_STRINGS = NO;
				SWIFT_VERSION = 5.0;
				TARGETED_DEVICE_FAMILY = "1,2";
				TEST_TARGET_NAME = Feb18_SimpleCalculator;
			};
			name = Release;
		};
/* End XCBuildConfiguration section */

/* Begin XCConfigurationList section */
		02104C2227BFDC8C007889A0 /* Build configuration list for PBXProject "Feb18_SimpleCalculator" */ = {
			isa = XCConfigurationList;
			buildConfigurations = (
				02104C4F27BFDC8F007889A0 /* Debug */,
				02104C5027BFDC8F007889A0 /* Release */,
			);
			defaultConfigurationIsVisible = 0;
			defaultConfigurationName = Release;
		};
		02104C5127BFDC8F007889A0 /* Build configuration list for PBXNativeTarget "Feb18_SimpleCalculator" */ = {
			isa = XCConfigurationList;
			buildConfigurations = (
				02104C5227BFDC8F007889A0 /* Debug */,
				02104C5327BFDC8F007889A0 /* Release */,
			);
			defaultConfigurationIsVisible = 0;
			defaultConfigurationName = Release;
		};
		02104C5427BFDC8F007889A0 /* Build configuration list for PBXNativeTarget "Feb18_SimpleCalculatorTests" */ = {
			isa = XCConfigurationList;
			buildConfigurations = (
				02104C5527BFDC8F007889A0 /* Debug */,
				02104C5627BFDC8F007889A0 /* Release */,
			);
			defaultConfigurationIsVisible = 0;
			defaultConfigurationName = Release;
		};
		02104C5727BFDC8F007889A0 /* Build configuration list for PBXNativeTarget "Feb18_SimpleCalculatorUITests" */ = {
			isa = XCConfigurationList;
			buildConfigurations = (
				02104C5827BFDC8F007889A0 /* Debug */,
				02104C5927BFDC8F007889A0 /* Release */,
			);
			defaultConfigurationIsVisible = 0;
			defaultConfigurationName = Release;
		};
/* End XCConfigurationList section */
	};
	rootObject = 02104C1F27BFDC8C007889A0 /* Project object */;
}
