// !$*UTF8*$!
{
	archiveVersion = 1;
	classes = {
	};
	objectVersion = 55;
	objects = {

/* Begin PBXBuildFile section */
		02A6BBA527FB3D41008F64ED /* AppDelegate.swift in Sources */ = {isa = PBXBuildFile; fileRef = 02A6BBA427FB3D41008F64ED /* AppDelegate.swift */; };
		02A6BBA727FB3D41008F64ED /* SceneDelegate.swift in Sources */ = {isa = PBXBuildFile; fileRef = 02A6BBA627FB3D41008F64ED /* SceneDelegate.swift */; };
		02A6BBAC27FB3D41008F64ED /* Main.storyboard in Resources */ = {isa = PBXBuildFile; fileRef = 02A6BBAA27FB3D41008F64ED /* Main.storyboard */; };
		02A6BBAF27FB3D41008F64ED /* Apr4_NexGame_Iter2.xcdatamodeld in Sources */ = {isa = PBXBuildFile; fileRef = 02A6BBAD27FB3D41008F64ED /* Apr4_NexGame_Iter2.xcdatamodeld */; };
		02A6BBB127FB3D43008F64ED /* Assets.xcassets in Resources */ = {isa = PBXBuildFile; fileRef = 02A6BBB027FB3D43008F64ED /* Assets.xcassets */; };
		02A6BBB427FB3D43008F64ED /* LaunchScreen.storyboard in Resources */ = {isa = PBXBuildFile; fileRef = 02A6BBB227FB3D43008F64ED /* LaunchScreen.storyboard */; };
		02A6BBBF27FB3D43008F64ED /* Apr4_NexGame_Iter2Tests.swift in Sources */ = {isa = PBXBuildFile; fileRef = 02A6BBBE27FB3D43008F64ED /* Apr4_NexGame_Iter2Tests.swift */; };
		02A6BBC927FB3D43008F64ED /* Apr4_NexGame_Iter2UITests.swift in Sources */ = {isa = PBXBuildFile; fileRef = 02A6BBC827FB3D43008F64ED /* Apr4_NexGame_Iter2UITests.swift */; };
		02A6BBCB27FB3D43008F64ED /* Apr4_NexGame_Iter2UITestsLaunchTests.swift in Sources */ = {isa = PBXBuildFile; fileRef = 02A6BBCA27FB3D43008F64ED /* Apr4_NexGame_Iter2UITestsLaunchTests.swift */; };
		02A6BBDC27FB3E5D008F64ED /* MainScreenVC.swift in Sources */ = {isa = PBXBuildFile; fileRef = 02A6BBDB27FB3E5D008F64ED /* MainScreenVC.swift */; };
		02A6BBDF27FB3F07008F64ED /* Games.swift in Sources */ = {isa = PBXBuildFile; fileRef = 02A6BBDE27FB3F07008F64ED /* Games.swift */; };
		02A6BBE327FB3F78008F64ED /* Extension+URLSessionRequests.swift in Sources */ = {isa = PBXBuildFile; fileRef = 02A6BBE027FB3F78008F64ED /* Extension+URLSessionRequests.swift */; };
		02A6BBE427FB3F78008F64ED /* Extension+URLSessionErrors.swift in Sources */ = {isa = PBXBuildFile; fileRef = 02A6BBE127FB3F78008F64ED /* Extension+URLSessionErrors.swift */; };
		02A6BBE527FB3F78008F64ED /* LazyLoadImage.swift in Sources */ = {isa = PBXBuildFile; fileRef = 02A6BBE227FB3F78008F64ED /* LazyLoadImage.swift */; };
		02A6BBE727FB3FBC008F64ED /* APIEndpoints.swift in Sources */ = {isa = PBXBuildFile; fileRef = 02A6BBE627FB3FBC008F64ED /* APIEndpoints.swift */; };
		02A6BBE927FB408F008F64ED /* MainScreenTableViewCell.swift in Sources */ = {isa = PBXBuildFile; fileRef = 02A6BBE827FB408F008F64ED /* MainScreenTableViewCell.swift */; };
		02A6BBEB27FB465D008F64ED /* GamesDetailHubVC.swift in Sources */ = {isa = PBXBuildFile; fileRef = 02A6BBEA27FB465D008F64ED /* GamesDetailHubVC.swift */; };
		02A6BBED27FB4AAC008F64ED /* GamesDetails.swift in Sources */ = {isa = PBXBuildFile; fileRef = 02A6BBEC27FB4AAC008F64ED /* GamesDetails.swift */; };
		02A6BBF027FB7A16008F64ED /* UpcomingGamesVC.swift in Sources */ = {isa = PBXBuildFile; fileRef = 02A6BBEF27FB7A16008F64ED /* UpcomingGamesVC.swift */; };
		02A6BBF227FB7A55008F64ED /* NearbyStoresVC.swift in Sources */ = {isa = PBXBuildFile; fileRef = 02A6BBF127FB7A55008F64ED /* NearbyStoresVC.swift */; };
		02A6BBF427FBBC77008F64ED /* GamesUpcoming.swift in Sources */ = {isa = PBXBuildFile; fileRef = 02A6BBF327FBBC76008F64ED /* GamesUpcoming.swift */; };
		02A6BBF627FBBEBD008F64ED /* UpcomingGamesTableViewCell.swift in Sources */ = {isa = PBXBuildFile; fileRef = 02A6BBF527FBBEBD008F64ED /* UpcomingGamesTableViewCell.swift */; };
		02A6BBF827FCD304008F64ED /* NearbyStoresTableViewCell.swift in Sources */ = {isa = PBXBuildFile; fileRef = 02A6BBF727FCD304008F64ED /* NearbyStoresTableViewCell.swift */; };
/* End PBXBuildFile section */

/* Begin PBXContainerItemProxy section */
		02A6BBBB27FB3D43008F64ED /* PBXContainerItemProxy */ = {
			isa = PBXContainerItemProxy;
			containerPortal = 02A6BB9927FB3D41008F64ED /* Project object */;
			proxyType = 1;
			remoteGlobalIDString = 02A6BBA027FB3D41008F64ED;
			remoteInfo = Apr4_NexGame_Iter2;
		};
		02A6BBC527FB3D43008F64ED /* PBXContainerItemProxy */ = {
			isa = PBXContainerItemProxy;
			containerPortal = 02A6BB9927FB3D41008F64ED /* Project object */;
			proxyType = 1;
			remoteGlobalIDString = 02A6BBA027FB3D41008F64ED;
			remoteInfo = Apr4_NexGame_Iter2;
		};
/* End PBXContainerItemProxy section */

/* Begin PBXFileReference section */
		02A6BBA127FB3D41008F64ED /* Apr4_NexGame_Iter2.app */ = {isa = PBXFileReference; explicitFileType = wrapper.application; includeInIndex = 0; path = Apr4_NexGame_Iter2.app; sourceTree = BUILT_PRODUCTS_DIR; };
		02A6BBA427FB3D41008F64ED /* AppDelegate.swift */ = {isa = PBXFileReference; lastKnownFileType = sourcecode.swift; path = AppDelegate.swift; sourceTree = "<group>"; };
		02A6BBA627FB3D41008F64ED /* SceneDelegate.swift */ = {isa = PBXFileReference; lastKnownFileType = sourcecode.swift; path = SceneDelegate.swift; sourceTree = "<group>"; };
		02A6BBAB27FB3D41008F64ED /* Base */ = {isa = PBXFileReference; lastKnownFileType = file.storyboard; name = Base; path = Base.lproj/Main.storyboard; sourceTree = "<group>"; };
		02A6BBAE27FB3D41008F64ED /* Apr4_NexGame_Iter2.xcdatamodel */ = {isa = PBXFileReference; lastKnownFileType = wrapper.xcdatamodel; path = Apr4_NexGame_Iter2.xcdatamodel; sourceTree = "<group>"; };
		02A6BBB027FB3D43008F64ED /* Assets.xcassets */ = {isa = PBXFileReference; lastKnownFileType = folder.assetcatalog; path = Assets.xcassets; sourceTree = "<group>"; };
		02A6BBB327FB3D43008F64ED /* Base */ = {isa = PBXFileReference; lastKnownFileType = file.storyboard; name = Base; path = Base.lproj/LaunchScreen.storyboard; sourceTree = "<group>"; };
		02A6BBB527FB3D43008F64ED /* Info.plist */ = {isa = PBXFileReference; lastKnownFileType = text.plist.xml; path = Info.plist; sourceTree = "<group>"; };
		02A6BBBA27FB3D43008F64ED /* Apr4_NexGame_Iter2Tests.xctest */ = {isa = PBXFileReference; explicitFileType = wrapper.cfbundle; includeInIndex = 0; path = Apr4_NexGame_Iter2Tests.xctest; sourceTree = BUILT_PRODUCTS_DIR; };
		02A6BBBE27FB3D43008F64ED /* Apr4_NexGame_Iter2Tests.swift */ = {isa = PBXFileReference; lastKnownFileType = sourcecode.swift; path = Apr4_NexGame_Iter2Tests.swift; sourceTree = "<group>"; };
		02A6BBC427FB3D43008F64ED /* Apr4_NexGame_Iter2UITests.xctest */ = {isa = PBXFileReference; explicitFileType = wrapper.cfbundle; includeInIndex = 0; path = Apr4_NexGame_Iter2UITests.xctest; sourceTree = BUILT_PRODUCTS_DIR; };
		02A6BBC827FB3D43008F64ED /* Apr4_NexGame_Iter2UITests.swift */ = {isa = PBXFileReference; lastKnownFileType = sourcecode.swift; path = Apr4_NexGame_Iter2UITests.swift; sourceTree = "<group>"; };
		02A6BBCA27FB3D43008F64ED /* Apr4_NexGame_Iter2UITestsLaunchTests.swift */ = {isa = PBXFileReference; lastKnownFileType = sourcecode.swift; path = Apr4_NexGame_Iter2UITestsLaunchTests.swift; sourceTree = "<group>"; };
		02A6BBDB27FB3E5D008F64ED /* MainScreenVC.swift */ = {isa = PBXFileReference; lastKnownFileType = sourcecode.swift; path = MainScreenVC.swift; sourceTree = "<group>"; };
		02A6BBDE27FB3F07008F64ED /* Games.swift */ = {isa = PBXFileReference; lastKnownFileType = sourcecode.swift; path = Games.swift; sourceTree = "<group>"; };
		02A6BBE027FB3F78008F64ED /* Extension+URLSessionRequests.swift */ = {isa = PBXFileReference; fileEncoding = 4; lastKnownFileType = sourcecode.swift; path = "Extension+URLSessionRequests.swift"; sourceTree = "<group>"; };
		02A6BBE127FB3F78008F64ED /* Extension+URLSessionErrors.swift */ = {isa = PBXFileReference; fileEncoding = 4; lastKnownFileType = sourcecode.swift; path = "Extension+URLSessionErrors.swift"; sourceTree = "<group>"; };
		02A6BBE227FB3F78008F64ED /* LazyLoadImage.swift */ = {isa = PBXFileReference; fileEncoding = 4; lastKnownFileType = sourcecode.swift; path = LazyLoadImage.swift; sourceTree = "<group>"; };
		02A6BBE627FB3FBC008F64ED /* APIEndpoints.swift */ = {isa = PBXFileReference; fileEncoding = 4; lastKnownFileType = sourcecode.swift; path = APIEndpoints.swift; sourceTree = "<group>"; };
		02A6BBE827FB408F008F64ED /* MainScreenTableViewCell.swift */ = {isa = PBXFileReference; lastKnownFileType = sourcecode.swift; path = MainScreenTableViewCell.swift; sourceTree = "<group>"; };
		02A6BBEA27FB465D008F64ED /* GamesDetailHubVC.swift */ = {isa = PBXFileReference; lastKnownFileType = sourcecode.swift; path = GamesDetailHubVC.swift; sourceTree = "<group>"; };
		02A6BBEC27FB4AAC008F64ED /* GamesDetails.swift */ = {isa = PBXFileReference; lastKnownFileType = sourcecode.swift; path = GamesDetails.swift; sourceTree = "<group>"; };
		02A6BBEF27FB7A16008F64ED /* UpcomingGamesVC.swift */ = {isa = PBXFileReference; lastKnownFileType = sourcecode.swift; path = UpcomingGamesVC.swift; sourceTree = "<group>"; };
		02A6BBF127FB7A55008F64ED /* NearbyStoresVC.swift */ = {isa = PBXFileReference; lastKnownFileType = sourcecode.swift; path = NearbyStoresVC.swift; sourceTree = "<group>"; };
		02A6BBF327FBBC76008F64ED /* GamesUpcoming.swift */ = {isa = PBXFileReference; lastKnownFileType = sourcecode.swift; path = GamesUpcoming.swift; sourceTree = "<group>"; };
		02A6BBF527FBBEBD008F64ED /* UpcomingGamesTableViewCell.swift */ = {isa = PBXFileReference; lastKnownFileType = sourcecode.swift; path = UpcomingGamesTableViewCell.swift; sourceTree = "<group>"; };
		02A6BBF727FCD304008F64ED /* NearbyStoresTableViewCell.swift */ = {isa = PBXFileReference; lastKnownFileType = sourcecode.swift; path = NearbyStoresTableViewCell.swift; sourceTree = "<group>"; };
/* End PBXFileReference section */

/* Begin PBXFrameworksBuildPhase section */
		02A6BB9E27FB3D41008F64ED /* Frameworks */ = {
			isa = PBXFrameworksBuildPhase;
			buildActionMask = 2147483647;
			files = (
			);
			runOnlyForDeploymentPostprocessing = 0;
		};
		02A6BBB727FB3D43008F64ED /* Frameworks */ = {
			isa = PBXFrameworksBuildPhase;
			buildActionMask = 2147483647;
			files = (
			);
			runOnlyForDeploymentPostprocessing = 0;
		};
		02A6BBC127FB3D43008F64ED /* Frameworks */ = {
			isa = PBXFrameworksBuildPhase;
			buildActionMask = 2147483647;
			files = (
			);
			runOnlyForDeploymentPostprocessing = 0;
		};
/* End PBXFrameworksBuildPhase section */

/* Begin PBXGroup section */
		02A6BB9827FB3D41008F64ED = {
			isa = PBXGroup;
			children = (
				02A6BBA327FB3D41008F64ED /* Apr4_NexGame_Iter2 */,
				02A6BBBD27FB3D43008F64ED /* Apr4_NexGame_Iter2Tests */,
				02A6BBC727FB3D43008F64ED /* Apr4_NexGame_Iter2UITests */,
				02A6BBA227FB3D41008F64ED /* Products */,
			);
			sourceTree = "<group>";
		};
		02A6BBA227FB3D41008F64ED /* Products */ = {
			isa = PBXGroup;
			children = (
				02A6BBA127FB3D41008F64ED /* Apr4_NexGame_Iter2.app */,
				02A6BBBA27FB3D43008F64ED /* Apr4_NexGame_Iter2Tests.xctest */,
				02A6BBC427FB3D43008F64ED /* Apr4_NexGame_Iter2UITests.xctest */,
			);
			name = Products;
			sourceTree = "<group>";
		};
		02A6BBA327FB3D41008F64ED /* Apr4_NexGame_Iter2 */ = {
			isa = PBXGroup;
			children = (
				02A6BBDD27FB3EE6008F64ED /* TableViewCells */,
				02A6BBDA27FB3D93008F64ED /* Utilities */,
				02A6BBD927FB3D8D008F64ED /* APIEndpoints */,
				02A6BBD827FB3D86008F64ED /* ViewControllers */,
				02A6BBD727FB3D82008F64ED /* Models */,
				02A6BBA427FB3D41008F64ED /* AppDelegate.swift */,
				02A6BBA627FB3D41008F64ED /* SceneDelegate.swift */,
				02A6BBAA27FB3D41008F64ED /* Main.storyboard */,
				02A6BBB027FB3D43008F64ED /* Assets.xcassets */,
				02A6BBB227FB3D43008F64ED /* LaunchScreen.storyboard */,
				02A6BBB527FB3D43008F64ED /* Info.plist */,
				02A6BBAD27FB3D41008F64ED /* Apr4_NexGame_Iter2.xcdatamodeld */,
			);
			path = Apr4_NexGame_Iter2;
			sourceTree = "<group>";
		};
		02A6BBBD27FB3D43008F64ED /* Apr4_NexGame_Iter2Tests */ = {
			isa = PBXGroup;
			children = (
				02A6BBBE27FB3D43008F64ED /* Apr4_NexGame_Iter2Tests.swift */,
			);
			path = Apr4_NexGame_Iter2Tests;
			sourceTree = "<group>";
		};
		02A6BBC727FB3D43008F64ED /* Apr4_NexGame_Iter2UITests */ = {
			isa = PBXGroup;
			children = (
				02A6BBC827FB3D43008F64ED /* Apr4_NexGame_Iter2UITests.swift */,
				02A6BBCA27FB3D43008F64ED /* Apr4_NexGame_Iter2UITestsLaunchTests.swift */,
			);
			path = Apr4_NexGame_Iter2UITests;
			sourceTree = "<group>";
		};
		02A6BBD727FB3D82008F64ED /* Models */ = {
			isa = PBXGroup;
			children = (
				02A6BBDE27FB3F07008F64ED /* Games.swift */,
				02A6BBEC27FB4AAC008F64ED /* GamesDetails.swift */,
				02A6BBF327FBBC76008F64ED /* GamesUpcoming.swift */,
			);
			path = Models;
			sourceTree = "<group>";
		};
		02A6BBD827FB3D86008F64ED /* ViewControllers */ = {
			isa = PBXGroup;
			children = (
				02A6BBDB27FB3E5D008F64ED /* MainScreenVC.swift */,
				02A6BBEA27FB465D008F64ED /* GamesDetailHubVC.swift */,
				02A6BBEF27FB7A16008F64ED /* UpcomingGamesVC.swift */,
				02A6BBF127FB7A55008F64ED /* NearbyStoresVC.swift */,
			);
			path = ViewControllers;
			sourceTree = "<group>";
		};
		02A6BBD927FB3D8D008F64ED /* APIEndpoints */ = {
			isa = PBXGroup;
			children = (
				02A6BBE627FB3FBC008F64ED /* APIEndpoints.swift */,
			);
			path = APIEndpoints;
			sourceTree = "<group>";
		};
		02A6BBDA27FB3D93008F64ED /* Utilities */ = {
			isa = PBXGroup;
			children = (
				02A6BBE127FB3F78008F64ED /* Extension+URLSessionErrors.swift */,
				02A6BBE027FB3F78008F64ED /* Extension+URLSessionRequests.swift */,
				02A6BBE227FB3F78008F64ED /* LazyLoadImage.swift */,
			);
			path = Utilities;
			sourceTree = "<group>";
		};
		02A6BBDD27FB3EE6008F64ED /* TableViewCells */ = {
			isa = PBXGroup;
			children = (
				02A6BBE827FB408F008F64ED /* MainScreenTableViewCell.swift */,
				02A6BBF527FBBEBD008F64ED /* UpcomingGamesTableViewCell.swift */,
				02A6BBF727FCD304008F64ED /* NearbyStoresTableViewCell.swift */,
			);
			path = TableViewCells;
			sourceTree = "<group>";
		};
/* End PBXGroup section */

/* Begin PBXNativeTarget section */
		02A6BBA027FB3D41008F64ED /* Apr4_NexGame_Iter2 */ = {
			isa = PBXNativeTarget;
			buildConfigurationList = 02A6BBCE27FB3D43008F64ED /* Build configuration list for PBXNativeTarget "Apr4_NexGame_Iter2" */;
			buildPhases = (
				02A6BB9D27FB3D41008F64ED /* Sources */,
				02A6BB9E27FB3D41008F64ED /* Frameworks */,
				02A6BB9F27FB3D41008F64ED /* Resources */,
			);
			buildRules = (
			);
			dependencies = (
			);
			name = Apr4_NexGame_Iter2;
			productName = Apr4_NexGame_Iter2;
			productReference = 02A6BBA127FB3D41008F64ED /* Apr4_NexGame_Iter2.app */;
			productType = "com.apple.product-type.application";
		};
		02A6BBB927FB3D43008F64ED /* Apr4_NexGame_Iter2Tests */ = {
			isa = PBXNativeTarget;
			buildConfigurationList = 02A6BBD127FB3D43008F64ED /* Build configuration list for PBXNativeTarget "Apr4_NexGame_Iter2Tests" */;
			buildPhases = (
				02A6BBB627FB3D43008F64ED /* Sources */,
				02A6BBB727FB3D43008F64ED /* Frameworks */,
				02A6BBB827FB3D43008F64ED /* Resources */,
			);
			buildRules = (
			);
			dependencies = (
				02A6BBBC27FB3D43008F64ED /* PBXTargetDependency */,
			);
			name = Apr4_NexGame_Iter2Tests;
			productName = Apr4_NexGame_Iter2Tests;
			productReference = 02A6BBBA27FB3D43008F64ED /* Apr4_NexGame_Iter2Tests.xctest */;
			productType = "com.apple.product-type.bundle.unit-test";
		};
		02A6BBC327FB3D43008F64ED /* Apr4_NexGame_Iter2UITests */ = {
			isa = PBXNativeTarget;
			buildConfigurationList = 02A6BBD427FB3D43008F64ED /* Build configuration list for PBXNativeTarget "Apr4_NexGame_Iter2UITests" */;
			buildPhases = (
				02A6BBC027FB3D43008F64ED /* Sources */,
				02A6BBC127FB3D43008F64ED /* Frameworks */,
				02A6BBC227FB3D43008F64ED /* Resources */,
			);
			buildRules = (
			);
			dependencies = (
				02A6BBC627FB3D43008F64ED /* PBXTargetDependency */,
			);
			name = Apr4_NexGame_Iter2UITests;
			productName = Apr4_NexGame_Iter2UITests;
			productReference = 02A6BBC427FB3D43008F64ED /* Apr4_NexGame_Iter2UITests.xctest */;
			productType = "com.apple.product-type.bundle.ui-testing";
		};
/* End PBXNativeTarget section */

/* Begin PBXProject section */
		02A6BB9927FB3D41008F64ED /* Project object */ = {
			isa = PBXProject;
			attributes = {
				BuildIndependentTargetsInParallel = 1;
				LastSwiftUpdateCheck = 1330;
				LastUpgradeCheck = 1330;
				TargetAttributes = {
					02A6BBA027FB3D41008F64ED = {
						CreatedOnToolsVersion = 13.3;
					};
					02A6BBB927FB3D43008F64ED = {
						CreatedOnToolsVersion = 13.3;
						TestTargetID = 02A6BBA027FB3D41008F64ED;
					};
					02A6BBC327FB3D43008F64ED = {
						CreatedOnToolsVersion = 13.3;
						TestTargetID = 02A6BBA027FB3D41008F64ED;
					};
				};
			};
			buildConfigurationList = 02A6BB9C27FB3D41008F64ED /* Build configuration list for PBXProject "Apr4_NexGame_Iter2" */;
			compatibilityVersion = "Xcode 13.0";
			developmentRegion = en;
			hasScannedForEncodings = 0;
			knownRegions = (
				en,
				Base,
			);
			mainGroup = 02A6BB9827FB3D41008F64ED;
			productRefGroup = 02A6BBA227FB3D41008F64ED /* Products */;
			projectDirPath = "";
			projectRoot = "";
			targets = (
				02A6BBA027FB3D41008F64ED /* Apr4_NexGame_Iter2 */,
				02A6BBB927FB3D43008F64ED /* Apr4_NexGame_Iter2Tests */,
				02A6BBC327FB3D43008F64ED /* Apr4_NexGame_Iter2UITests */,
			);
		};
/* End PBXProject section */

/* Begin PBXResourcesBuildPhase section */
		02A6BB9F27FB3D41008F64ED /* Resources */ = {
			isa = PBXResourcesBuildPhase;
			buildActionMask = 2147483647;
			files = (
				02A6BBB427FB3D43008F64ED /* LaunchScreen.storyboard in Resources */,
				02A6BBB127FB3D43008F64ED /* Assets.xcassets in Resources */,
				02A6BBAC27FB3D41008F64ED /* Main.storyboard in Resources */,
			);
			runOnlyForDeploymentPostprocessing = 0;
		};
		02A6BBB827FB3D43008F64ED /* Resources */ = {
			isa = PBXResourcesBuildPhase;
			buildActionMask = 2147483647;
			files = (
			);
			runOnlyForDeploymentPostprocessing = 0;
		};
		02A6BBC227FB3D43008F64ED /* Resources */ = {
			isa = PBXResourcesBuildPhase;
			buildActionMask = 2147483647;
			files = (
			);
			runOnlyForDeploymentPostprocessing = 0;
		};
/* End PBXResourcesBuildPhase section */

/* Begin PBXSourcesBuildPhase section */
		02A6BB9D27FB3D41008F64ED /* Sources */ = {
			isa = PBXSourcesBuildPhase;
			buildActionMask = 2147483647;
			files = (
				02A6BBE927FB408F008F64ED /* MainScreenTableViewCell.swift in Sources */,
				02A6BBE327FB3F78008F64ED /* Extension+URLSessionRequests.swift in Sources */,
				02A6BBF427FBBC77008F64ED /* GamesUpcoming.swift in Sources */,
				02A6BBDC27FB3E5D008F64ED /* MainScreenVC.swift in Sources */,
				02A6BBA527FB3D41008F64ED /* AppDelegate.swift in Sources */,
				02A6BBEB27FB465D008F64ED /* GamesDetailHubVC.swift in Sources */,
				02A6BBDF27FB3F07008F64ED /* Games.swift in Sources */,
				02A6BBE727FB3FBC008F64ED /* APIEndpoints.swift in Sources */,
				02A6BBF227FB7A55008F64ED /* NearbyStoresVC.swift in Sources */,
				02A6BBE527FB3F78008F64ED /* LazyLoadImage.swift in Sources */,
				02A6BBF627FBBEBD008F64ED /* UpcomingGamesTableViewCell.swift in Sources */,
				02A6BBF027FB7A16008F64ED /* UpcomingGamesVC.swift in Sources */,
				02A6BBF827FCD304008F64ED /* NearbyStoresTableViewCell.swift in Sources */,
				02A6BBA727FB3D41008F64ED /* SceneDelegate.swift in Sources */,
				02A6BBED27FB4AAC008F64ED /* GamesDetails.swift in Sources */,
				02A6BBE427FB3F78008F64ED /* Extension+URLSessionErrors.swift in Sources */,
				02A6BBAF27FB3D41008F64ED /* Apr4_NexGame_Iter2.xcdatamodeld in Sources */,
			);
			runOnlyForDeploymentPostprocessing = 0;
		};
		02A6BBB627FB3D43008F64ED /* Sources */ = {
			isa = PBXSourcesBuildPhase;
			buildActionMask = 2147483647;
			files = (
				02A6BBBF27FB3D43008F64ED /* Apr4_NexGame_Iter2Tests.swift in Sources */,
			);
			runOnlyForDeploymentPostprocessing = 0;
		};
		02A6BBC027FB3D43008F64ED /* Sources */ = {
			isa = PBXSourcesBuildPhase;
			buildActionMask = 2147483647;
			files = (
				02A6BBCB27FB3D43008F64ED /* Apr4_NexGame_Iter2UITestsLaunchTests.swift in Sources */,
				02A6BBC927FB3D43008F64ED /* Apr4_NexGame_Iter2UITests.swift in Sources */,
			);
			runOnlyForDeploymentPostprocessing = 0;
		};
/* End PBXSourcesBuildPhase section */

/* Begin PBXTargetDependency section */
		02A6BBBC27FB3D43008F64ED /* PBXTargetDependency */ = {
			isa = PBXTargetDependency;
			target = 02A6BBA027FB3D41008F64ED /* Apr4_NexGame_Iter2 */;
			targetProxy = 02A6BBBB27FB3D43008F64ED /* PBXContainerItemProxy */;
		};
		02A6BBC627FB3D43008F64ED /* PBXTargetDependency */ = {
			isa = PBXTargetDependency;
			target = 02A6BBA027FB3D41008F64ED /* Apr4_NexGame_Iter2 */;
			targetProxy = 02A6BBC527FB3D43008F64ED /* PBXContainerItemProxy */;
		};
/* End PBXTargetDependency section */

/* Begin PBXVariantGroup section */
		02A6BBAA27FB3D41008F64ED /* Main.storyboard */ = {
			isa = PBXVariantGroup;
			children = (
				02A6BBAB27FB3D41008F64ED /* Base */,
			);
			name = Main.storyboard;
			sourceTree = "<group>";
		};
		02A6BBB227FB3D43008F64ED /* LaunchScreen.storyboard */ = {
			isa = PBXVariantGroup;
			children = (
				02A6BBB327FB3D43008F64ED /* Base */,
			);
			name = LaunchScreen.storyboard;
			sourceTree = "<group>";
		};
/* End PBXVariantGroup section */

/* Begin XCBuildConfiguration section */
		02A6BBCC27FB3D43008F64ED /* Debug */ = {
			isa = XCBuildConfiguration;
			buildSettings = {
				ALWAYS_SEARCH_USER_PATHS = NO;
				CLANG_ANALYZER_NONNULL = YES;
				CLANG_ANALYZER_NUMBER_OBJECT_CONVERSION = YES_AGGRESSIVE;
				CLANG_CXX_LANGUAGE_STANDARD = "gnu++17";
				CLANG_ENABLE_MODULES = YES;
				CLANG_ENABLE_OBJC_ARC = YES;
				CLANG_ENABLE_OBJC_WEAK = YES;
				CLANG_WARN_BLOCK_CAPTURE_AUTORELEASING = YES;
				CLANG_WARN_BOOL_CONVERSION = YES;
				CLANG_WARN_COMMA = YES;
				CLANG_WARN_CONSTANT_CONVERSION = YES;
				CLANG_WARN_DEPRECATED_OBJC_IMPLEMENTATIONS = YES;
				CLANG_WARN_DIRECT_OBJC_ISA_USAGE = YES_ERROR;
				CLANG_WARN_DOCUMENTATION_COMMENTS = YES;
				CLANG_WARN_EMPTY_BODY = YES;
				CLANG_WARN_ENUM_CONVERSION = YES;
				CLANG_WARN_INFINITE_RECURSION = YES;
				CLANG_WARN_INT_CONVERSION = YES;
				CLANG_WARN_NON_LITERAL_NULL_CONVERSION = YES;
				CLANG_WARN_OBJC_IMPLICIT_RETAIN_SELF = YES;
				CLANG_WARN_OBJC_LITERAL_CONVERSION = YES;
				CLANG_WARN_OBJC_ROOT_CLASS = YES_ERROR;
				CLANG_WARN_QUOTED_INCLUDE_IN_FRAMEWORK_HEADER = YES;
				CLANG_WARN_RANGE_LOOP_ANALYSIS = YES;
				CLANG_WARN_STRICT_PROTOTYPES = YES;
				CLANG_WARN_SUSPICIOUS_MOVE = YES;
				CLANG_WARN_UNGUARDED_AVAILABILITY = YES_AGGRESSIVE;
				CLANG_WARN_UNREACHABLE_CODE = YES;
				CLANG_WARN__DUPLICATE_METHOD_MATCH = YES;
				COPY_PHASE_STRIP = NO;
				DEBUG_INFORMATION_FORMAT = dwarf;
				ENABLE_STRICT_OBJC_MSGSEND = YES;
				ENABLE_TESTABILITY = YES;
				GCC_C_LANGUAGE_STANDARD = gnu11;
				GCC_DYNAMIC_NO_PIC = NO;
				GCC_NO_COMMON_BLOCKS = YES;
				GCC_OPTIMIZATION_LEVEL = 0;
				GCC_PREPROCESSOR_DEFINITIONS = (
					"DEBUG=1",
					"$(inherited)",
				);
				GCC_WARN_64_TO_32_BIT_CONVERSION = YES;
				GCC_WARN_ABOUT_RETURN_TYPE = YES_ERROR;
				GCC_WARN_UNDECLARED_SELECTOR = YES;
				GCC_WARN_UNINITIALIZED_AUTOS = YES_AGGRESSIVE;
				GCC_WARN_UNUSED_FUNCTION = YES;
				GCC_WARN_UNUSED_VARIABLE = YES;
				IPHONEOS_DEPLOYMENT_TARGET = 15.4;
				MTL_ENABLE_DEBUG_INFO = INCLUDE_SOURCE;
				MTL_FAST_MATH = YES;
				ONLY_ACTIVE_ARCH = YES;
				SDKROOT = iphoneos;
				SWIFT_ACTIVE_COMPILATION_CONDITIONS = DEBUG;
				SWIFT_OPTIMIZATION_LEVEL = "-Onone";
			};
			name = Debug;
		};
		02A6BBCD27FB3D43008F64ED /* Release */ = {
			isa = XCBuildConfiguration;
			buildSettings = {
				ALWAYS_SEARCH_USER_PATHS = NO;
				CLANG_ANALYZER_NONNULL = YES;
				CLANG_ANALYZER_NUMBER_OBJECT_CONVERSION = YES_AGGRESSIVE;
				CLANG_CXX_LANGUAGE_STANDARD = "gnu++17";
				CLANG_ENABLE_MODULES = YES;
				CLANG_ENABLE_OBJC_ARC = YES;
				CLANG_ENABLE_OBJC_WEAK = YES;
				CLANG_WARN_BLOCK_CAPTURE_AUTORELEASING = YES;
				CLANG_WARN_BOOL_CONVERSION = YES;
				CLANG_WARN_COMMA = YES;
				CLANG_WARN_CONSTANT_CONVERSION = YES;
				CLANG_WARN_DEPRECATED_OBJC_IMPLEMENTATIONS = YES;
				CLANG_WARN_DIRECT_OBJC_ISA_USAGE = YES_ERROR;
				CLANG_WARN_DOCUMENTATION_COMMENTS = YES;
				CLANG_WARN_EMPTY_BODY = YES;
				CLANG_WARN_ENUM_CONVERSION = YES;
				CLANG_WARN_INFINITE_RECURSION = YES;
				CLANG_WARN_INT_CONVERSION = YES;
				CLANG_WARN_NON_LITERAL_NULL_CONVERSION = YES;
				CLANG_WARN_OBJC_IMPLICIT_RETAIN_SELF = YES;
				CLANG_WARN_OBJC_LITERAL_CONVERSION = YES;
				CLANG_WARN_OBJC_ROOT_CLASS = YES_ERROR;
				CLANG_WARN_QUOTED_INCLUDE_IN_FRAMEWORK_HEADER = YES;
				CLANG_WARN_RANGE_LOOP_ANALYSIS = YES;
				CLANG_WARN_STRICT_PROTOTYPES = YES;
				CLANG_WARN_SUSPICIOUS_MOVE = YES;
				CLANG_WARN_UNGUARDED_AVAILABILITY = YES_AGGRESSIVE;
				CLANG_WARN_UNREACHABLE_CODE = YES;
				CLANG_WARN__DUPLICATE_METHOD_MATCH = YES;
				COPY_PHASE_STRIP = NO;
				DEBUG_INFORMATION_FORMAT = "dwarf-with-dsym";
				ENABLE_NS_ASSERTIONS = NO;
				ENABLE_STRICT_OBJC_MSGSEND = YES;
				GCC_C_LANGUAGE_STANDARD = gnu11;
				GCC_NO_COMMON_BLOCKS = YES;
				GCC_WARN_64_TO_32_BIT_CONVERSION = YES;
				GCC_WARN_ABOUT_RETURN_TYPE = YES_ERROR;
				GCC_WARN_UNDECLARED_SELECTOR = YES;
				GCC_WARN_UNINITIALIZED_AUTOS = YES_AGGRESSIVE;
				GCC_WARN_UNUSED_FUNCTION = YES;
				GCC_WARN_UNUSED_VARIABLE = YES;
				IPHONEOS_DEPLOYMENT_TARGET = 15.4;
				MTL_ENABLE_DEBUG_INFO = NO;
				MTL_FAST_MATH = YES;
				SDKROOT = iphoneos;
				SWIFT_COMPILATION_MODE = wholemodule;
				SWIFT_OPTIMIZATION_LEVEL = "-O";
				VALIDATE_PRODUCT = YES;
			};
			name = Release;
		};
		02A6BBCF27FB3D43008F64ED /* Debug */ = {
			isa = XCBuildConfiguration;
			buildSettings = {
				ASSETCATALOG_COMPILER_APPICON_NAME = AppIcon;
				ASSETCATALOG_COMPILER_GLOBAL_ACCENT_COLOR_NAME = AccentColor;
				CODE_SIGN_STYLE = Automatic;
				CURRENT_PROJECT_VERSION = 1;
				DEVELOPMENT_TEAM = FR9WL9V753;
				GENERATE_INFOPLIST_FILE = YES;
				INFOPLIST_FILE = Apr4_NexGame_Iter2/Info.plist;
				INFOPLIST_KEY_UIApplicationSupportsIndirectInputEvents = YES;
				INFOPLIST_KEY_UILaunchStoryboardName = LaunchScreen;
				INFOPLIST_KEY_UIMainStoryboardFile = Main;
				INFOPLIST_KEY_UISupportedInterfaceOrientations_iPad = "UIInterfaceOrientationPortrait UIInterfaceOrientationPortraitUpsideDown UIInterfaceOrientationLandscapeLeft UIInterfaceOrientationLandscapeRight";
				INFOPLIST_KEY_UISupportedInterfaceOrientations_iPhone = "UIInterfaceOrientationPortrait UIInterfaceOrientationLandscapeLeft UIInterfaceOrientationLandscapeRight";
				LD_RUNPATH_SEARCH_PATHS = (
					"$(inherited)",
					"@executable_path/Frameworks",
				);
				MARKETING_VERSION = 1.0;
				PRODUCT_BUNDLE_IDENTIFIER = "swift-test-personal.Apr4-NexGame-Iter2";
				PRODUCT_NAME = "$(TARGET_NAME)";
				SWIFT_EMIT_LOC_STRINGS = YES;
				SWIFT_VERSION = 5.0;
				TARGETED_DEVICE_FAMILY = "1,2";
			};
			name = Debug;
		};
		02A6BBD027FB3D43008F64ED /* Release */ = {
			isa = XCBuildConfiguration;
			buildSettings = {
				ASSETCATALOG_COMPILER_APPICON_NAME = AppIcon;
				ASSETCATALOG_COMPILER_GLOBAL_ACCENT_COLOR_NAME = AccentColor;
				CODE_SIGN_STYLE = Automatic;
				CURRENT_PROJECT_VERSION = 1;
				DEVELOPMENT_TEAM = FR9WL9V753;
				GENERATE_INFOPLIST_FILE = YES;
				INFOPLIST_FILE = Apr4_NexGame_Iter2/Info.plist;
				INFOPLIST_KEY_UIApplicationSupportsIndirectInputEvents = YES;
				INFOPLIST_KEY_UILaunchStoryboardName = LaunchScreen;
				INFOPLIST_KEY_UIMainStoryboardFile = Main;
				INFOPLIST_KEY_UISupportedInterfaceOrientations_iPad = "UIInterfaceOrientationPortrait UIInterfaceOrientationPortraitUpsideDown UIInterfaceOrientationLandscapeLeft UIInterfaceOrientationLandscapeRight";
				INFOPLIST_KEY_UISupportedInterfaceOrientations_iPhone = "UIInterfaceOrientationPortrait UIInterfaceOrientationLandscapeLeft UIInterfaceOrientationLandscapeRight";
				LD_RUNPATH_SEARCH_PATHS = (
					"$(inherited)",
					"@executable_path/Frameworks",
				);
				MARKETING_VERSION = 1.0;
				PRODUCT_BUNDLE_IDENTIFIER = "swift-test-personal.Apr4-NexGame-Iter2";
				PRODUCT_NAME = "$(TARGET_NAME)";
				SWIFT_EMIT_LOC_STRINGS = YES;
				SWIFT_VERSION = 5.0;
				TARGETED_DEVICE_FAMILY = "1,2";
			};
			name = Release;
		};
		02A6BBD227FB3D43008F64ED /* Debug */ = {
			isa = XCBuildConfiguration;
			buildSettings = {
				ALWAYS_EMBED_SWIFT_STANDARD_LIBRARIES = YES;
				BUNDLE_LOADER = "$(TEST_HOST)";
				CODE_SIGN_STYLE = Automatic;
				CURRENT_PROJECT_VERSION = 1;
				DEVELOPMENT_TEAM = FR9WL9V753;
				GENERATE_INFOPLIST_FILE = YES;
				IPHONEOS_DEPLOYMENT_TARGET = 15.4;
				MARKETING_VERSION = 1.0;
				PRODUCT_BUNDLE_IDENTIFIER = "swift-test-personal.Apr4-NexGame-Iter2Tests";
				PRODUCT_NAME = "$(TARGET_NAME)";
				SWIFT_EMIT_LOC_STRINGS = NO;
				SWIFT_VERSION = 5.0;
				TARGETED_DEVICE_FAMILY = "1,2";
				TEST_HOST = "$(BUILT_PRODUCTS_DIR)/Apr4_NexGame_Iter2.app/Apr4_NexGame_Iter2";
			};
			name = Debug;
		};
		02A6BBD327FB3D43008F64ED /* Release */ = {
			isa = XCBuildConfiguration;
			buildSettings = {
				ALWAYS_EMBED_SWIFT_STANDARD_LIBRARIES = YES;
				BUNDLE_LOADER = "$(TEST_HOST)";
				CODE_SIGN_STYLE = Automatic;
				CURRENT_PROJECT_VERSION = 1;
				DEVELOPMENT_TEAM = FR9WL9V753;
				GENERATE_INFOPLIST_FILE = YES;
				IPHONEOS_DEPLOYMENT_TARGET = 15.4;
				MARKETING_VERSION = 1.0;
				PRODUCT_BUNDLE_IDENTIFIER = "swift-test-personal.Apr4-NexGame-Iter2Tests";
				PRODUCT_NAME = "$(TARGET_NAME)";
				SWIFT_EMIT_LOC_STRINGS = NO;
				SWIFT_VERSION = 5.0;
				TARGETED_DEVICE_FAMILY = "1,2";
				TEST_HOST = "$(BUILT_PRODUCTS_DIR)/Apr4_NexGame_Iter2.app/Apr4_NexGame_Iter2";
			};
			name = Release;
		};
		02A6BBD527FB3D43008F64ED /* Debug */ = {
			isa = XCBuildConfiguration;
			buildSettings = {
				ALWAYS_EMBED_SWIFT_STANDARD_LIBRARIES = YES;
				CODE_SIGN_STYLE = Automatic;
				CURRENT_PROJECT_VERSION = 1;
				DEVELOPMENT_TEAM = FR9WL9V753;
				GENERATE_INFOPLIST_FILE = YES;
				MARKETING_VERSION = 1.0;
				PRODUCT_BUNDLE_IDENTIFIER = "swift-test-personal.Apr4-NexGame-Iter2UITests";
				PRODUCT_NAME = "$(TARGET_NAME)";
				SWIFT_EMIT_LOC_STRINGS = NO;
				SWIFT_VERSION = 5.0;
				TARGETED_DEVICE_FAMILY = "1,2";
				TEST_TARGET_NAME = Apr4_NexGame_Iter2;
			};
			name = Debug;
		};
		02A6BBD627FB3D43008F64ED /* Release */ = {
			isa = XCBuildConfiguration;
			buildSettings = {
				ALWAYS_EMBED_SWIFT_STANDARD_LIBRARIES = YES;
				CODE_SIGN_STYLE = Automatic;
				CURRENT_PROJECT_VERSION = 1;
				DEVELOPMENT_TEAM = FR9WL9V753;
				GENERATE_INFOPLIST_FILE = YES;
				MARKETING_VERSION = 1.0;
				PRODUCT_BUNDLE_IDENTIFIER = "swift-test-personal.Apr4-NexGame-Iter2UITests";
				PRODUCT_NAME = "$(TARGET_NAME)";
				SWIFT_EMIT_LOC_STRINGS = NO;
				SWIFT_VERSION = 5.0;
				TARGETED_DEVICE_FAMILY = "1,2";
				TEST_TARGET_NAME = Apr4_NexGame_Iter2;
			};
			name = Release;
		};
/* End XCBuildConfiguration section */

/* Begin XCConfigurationList section */
		02A6BB9C27FB3D41008F64ED /* Build configuration list for PBXProject "Apr4_NexGame_Iter2" */ = {
			isa = XCConfigurationList;
			buildConfigurations = (
				02A6BBCC27FB3D43008F64ED /* Debug */,
				02A6BBCD27FB3D43008F64ED /* Release */,
			);
			defaultConfigurationIsVisible = 0;
			defaultConfigurationName = Release;
		};
		02A6BBCE27FB3D43008F64ED /* Build configuration list for PBXNativeTarget "Apr4_NexGame_Iter2" */ = {
			isa = XCConfigurationList;
			buildConfigurations = (
				02A6BBCF27FB3D43008F64ED /* Debug */,
				02A6BBD027FB3D43008F64ED /* Release */,
			);
			defaultConfigurationIsVisible = 0;
			defaultConfigurationName = Release;
		};
		02A6BBD127FB3D43008F64ED /* Build configuration list for PBXNativeTarget "Apr4_NexGame_Iter2Tests" */ = {
			isa = XCConfigurationList;
			buildConfigurations = (
				02A6BBD227FB3D43008F64ED /* Debug */,
				02A6BBD327FB3D43008F64ED /* Release */,
			);
			defaultConfigurationIsVisible = 0;
			defaultConfigurationName = Release;
		};
		02A6BBD427FB3D43008F64ED /* Build configuration list for PBXNativeTarget "Apr4_NexGame_Iter2UITests" */ = {
			isa = XCConfigurationList;
			buildConfigurations = (
				02A6BBD527FB3D43008F64ED /* Debug */,
				02A6BBD627FB3D43008F64ED /* Release */,
			);
			defaultConfigurationIsVisible = 0;
			defaultConfigurationName = Release;
		};
/* End XCConfigurationList section */

/* Begin XCVersionGroup section */
		02A6BBAD27FB3D41008F64ED /* Apr4_NexGame_Iter2.xcdatamodeld */ = {
			isa = XCVersionGroup;
			children = (
				02A6BBAE27FB3D41008F64ED /* Apr4_NexGame_Iter2.xcdatamodel */,
			);
			currentVersion = 02A6BBAE27FB3D41008F64ED /* Apr4_NexGame_Iter2.xcdatamodel */;
			path = Apr4_NexGame_Iter2.xcdatamodeld;
			sourceTree = "<group>";
			versionGroupType = wrapper.xcdatamodel;
		};
/* End XCVersionGroup section */
	};
	rootObject = 02A6BB9927FB3D41008F64ED /* Project object */;
}
