// !$*UTF8*$!
{
	archiveVersion = 1;
	classes = {
	};
	objectVersion = 55;
	objects = {

/* Begin PBXBuildFile section */
		0214525F27CFFCA4007AA82A /* AppDelegate.swift in Sources */ = {isa = PBXBuildFile; fileRef = 0214525E27CFFCA4007AA82A /* AppDelegate.swift */; };
		0214526127CFFCA4007AA82A /* SceneDelegate.swift in Sources */ = {isa = PBXBuildFile; fileRef = 0214526027CFFCA4007AA82A /* SceneDelegate.swift */; };
		0214526327CFFCA4007AA82A /* ViewController.swift in Sources */ = {isa = PBXBuildFile; fileRef = 0214526227CFFCA4007AA82A /* ViewController.swift */; };
		0214526627CFFCA4007AA82A /* Main.storyboard in Resources */ = {isa = PBXBuildFile; fileRef = 0214526427CFFCA4007AA82A /* Main.storyboard */; };
		0214526827CFFCA6007AA82A /* Assets.xcassets in Resources */ = {isa = PBXBuildFile; fileRef = 0214526727CFFCA6007AA82A /* Assets.xcassets */; };
		0214526B27CFFCA6007AA82A /* LaunchScreen.storyboard in Resources */ = {isa = PBXBuildFile; fileRef = 0214526927CFFCA6007AA82A /* LaunchScreen.storyboard */; };
		0214527627CFFCA6007AA82A /* Mar3_TableViewWithCodableTests.swift in Sources */ = {isa = PBXBuildFile; fileRef = 0214527527CFFCA6007AA82A /* Mar3_TableViewWithCodableTests.swift */; };
		0214528027CFFCA6007AA82A /* Mar3_TableViewWithCodableUITests.swift in Sources */ = {isa = PBXBuildFile; fileRef = 0214527F27CFFCA6007AA82A /* Mar3_TableViewWithCodableUITests.swift */; };
		0214528227CFFCA6007AA82A /* Mar3_TableViewWithCodableUITestsLaunchTests.swift in Sources */ = {isa = PBXBuildFile; fileRef = 0214528127CFFCA6007AA82A /* Mar3_TableViewWithCodableUITestsLaunchTests.swift */; };
		0214529027CFFD86007AA82A /* Hero.swift in Sources */ = {isa = PBXBuildFile; fileRef = 0214528F27CFFD86007AA82A /* Hero.swift */; };
		0214529427D00198007AA82A /* DetailViewController.swift in Sources */ = {isa = PBXBuildFile; fileRef = 0214529327D00198007AA82A /* DetailViewController.swift */; };
		0214529827D0112B007AA82A /* Extension+UIImageView.swift in Sources */ = {isa = PBXBuildFile; fileRef = 0214529727D0112B007AA82A /* Extension+UIImageView.swift */; };
		0215B04927D9656500FEDE0C /* HeroTableViewCell.swift in Sources */ = {isa = PBXBuildFile; fileRef = 0215B04827D9656500FEDE0C /* HeroTableViewCell.swift */; };
		0215B04C27D9722E00FEDE0C /* Extension+UserDefaults.swift in Sources */ = {isa = PBXBuildFile; fileRef = 0215B04B27D9722E00FEDE0C /* Extension+UserDefaults.swift */; };
/* End PBXBuildFile section */

/* Begin PBXContainerItemProxy section */
		0214527227CFFCA6007AA82A /* PBXContainerItemProxy */ = {
			isa = PBXContainerItemProxy;
			containerPortal = 0214525327CFFCA4007AA82A /* Project object */;
			proxyType = 1;
			remoteGlobalIDString = 0214525A27CFFCA4007AA82A;
			remoteInfo = Mar3_TableViewWithCodable;
		};
		0214527C27CFFCA6007AA82A /* PBXContainerItemProxy */ = {
			isa = PBXContainerItemProxy;
			containerPortal = 0214525327CFFCA4007AA82A /* Project object */;
			proxyType = 1;
			remoteGlobalIDString = 0214525A27CFFCA4007AA82A;
			remoteInfo = Mar3_TableViewWithCodable;
		};
/* End PBXContainerItemProxy section */

/* Begin PBXFileReference section */
		0214525B27CFFCA4007AA82A /* Mar3_TableViewWithCodable.app */ = {isa = PBXFileReference; explicitFileType = wrapper.application; includeInIndex = 0; path = Mar3_TableViewWithCodable.app; sourceTree = BUILT_PRODUCTS_DIR; };
		0214525E27CFFCA4007AA82A /* AppDelegate.swift */ = {isa = PBXFileReference; lastKnownFileType = sourcecode.swift; path = AppDelegate.swift; sourceTree = "<group>"; };
		0214526027CFFCA4007AA82A /* SceneDelegate.swift */ = {isa = PBXFileReference; lastKnownFileType = sourcecode.swift; path = SceneDelegate.swift; sourceTree = "<group>"; };
		0214526227CFFCA4007AA82A /* ViewController.swift */ = {isa = PBXFileReference; lastKnownFileType = sourcecode.swift; path = ViewController.swift; sourceTree = "<group>"; };
		0214526527CFFCA4007AA82A /* Base */ = {isa = PBXFileReference; lastKnownFileType = file.storyboard; name = Base; path = Base.lproj/Main.storyboard; sourceTree = "<group>"; };
		0214526727CFFCA6007AA82A /* Assets.xcassets */ = {isa = PBXFileReference; lastKnownFileType = folder.assetcatalog; path = Assets.xcassets; sourceTree = "<group>"; };
		0214526A27CFFCA6007AA82A /* Base */ = {isa = PBXFileReference; lastKnownFileType = file.storyboard; name = Base; path = Base.lproj/LaunchScreen.storyboard; sourceTree = "<group>"; };
		0214526C27CFFCA6007AA82A /* Info.plist */ = {isa = PBXFileReference; lastKnownFileType = text.plist.xml; path = Info.plist; sourceTree = "<group>"; };
		0214527127CFFCA6007AA82A /* Mar3_TableViewWithCodableTests.xctest */ = {isa = PBXFileReference; explicitFileType = wrapper.cfbundle; includeInIndex = 0; path = Mar3_TableViewWithCodableTests.xctest; sourceTree = BUILT_PRODUCTS_DIR; };
		0214527527CFFCA6007AA82A /* Mar3_TableViewWithCodableTests.swift */ = {isa = PBXFileReference; lastKnownFileType = sourcecode.swift; path = Mar3_TableViewWithCodableTests.swift; sourceTree = "<group>"; };
		0214527B27CFFCA6007AA82A /* Mar3_TableViewWithCodableUITests.xctest */ = {isa = PBXFileReference; explicitFileType = wrapper.cfbundle; includeInIndex = 0; path = Mar3_TableViewWithCodableUITests.xctest; sourceTree = BUILT_PRODUCTS_DIR; };
		0214527F27CFFCA6007AA82A /* Mar3_TableViewWithCodableUITests.swift */ = {isa = PBXFileReference; lastKnownFileType = sourcecode.swift; path = Mar3_TableViewWithCodableUITests.swift; sourceTree = "<group>"; };
		0214528127CFFCA6007AA82A /* Mar3_TableViewWithCodableUITestsLaunchTests.swift */ = {isa = PBXFileReference; lastKnownFileType = sourcecode.swift; path = Mar3_TableViewWithCodableUITestsLaunchTests.swift; sourceTree = "<group>"; };
		0214528F27CFFD86007AA82A /* Hero.swift */ = {isa = PBXFileReference; lastKnownFileType = sourcecode.swift; path = Hero.swift; sourceTree = "<group>"; };
		0214529327D00198007AA82A /* DetailViewController.swift */ = {isa = PBXFileReference; lastKnownFileType = sourcecode.swift; path = DetailViewController.swift; sourceTree = "<group>"; };
		0214529727D0112B007AA82A /* Extension+UIImageView.swift */ = {isa = PBXFileReference; lastKnownFileType = sourcecode.swift; path = "Extension+UIImageView.swift"; sourceTree = "<group>"; };
		0215B04827D9656500FEDE0C /* HeroTableViewCell.swift */ = {isa = PBXFileReference; lastKnownFileType = sourcecode.swift; path = HeroTableViewCell.swift; sourceTree = "<group>"; };
		0215B04B27D9722E00FEDE0C /* Extension+UserDefaults.swift */ = {isa = PBXFileReference; lastKnownFileType = sourcecode.swift; path = "Extension+UserDefaults.swift"; sourceTree = "<group>"; };
/* End PBXFileReference section */

/* Begin PBXFrameworksBuildPhase section */
		0214525827CFFCA4007AA82A /* Frameworks */ = {
			isa = PBXFrameworksBuildPhase;
			buildActionMask = 2147483647;
			files = (
			);
			runOnlyForDeploymentPostprocessing = 0;
		};
		0214526E27CFFCA6007AA82A /* Frameworks */ = {
			isa = PBXFrameworksBuildPhase;
			buildActionMask = 2147483647;
			files = (
			);
			runOnlyForDeploymentPostprocessing = 0;
		};
		0214527827CFFCA6007AA82A /* Frameworks */ = {
			isa = PBXFrameworksBuildPhase;
			buildActionMask = 2147483647;
			files = (
			);
			runOnlyForDeploymentPostprocessing = 0;
		};
/* End PBXFrameworksBuildPhase section */

/* Begin PBXGroup section */
		0214525227CFFCA4007AA82A = {
			isa = PBXGroup;
			children = (
				0214525D27CFFCA4007AA82A /* Mar3_TableViewWithCodable */,
				0214527427CFFCA6007AA82A /* Mar3_TableViewWithCodableTests */,
				0214527E27CFFCA6007AA82A /* Mar3_TableViewWithCodableUITests */,
				0214525C27CFFCA4007AA82A /* Products */,
			);
			sourceTree = "<group>";
		};
		0214525C27CFFCA4007AA82A /* Products */ = {
			isa = PBXGroup;
			children = (
				0214525B27CFFCA4007AA82A /* Mar3_TableViewWithCodable.app */,
				0214527127CFFCA6007AA82A /* Mar3_TableViewWithCodableTests.xctest */,
				0214527B27CFFCA6007AA82A /* Mar3_TableViewWithCodableUITests.xctest */,
			);
			name = Products;
			sourceTree = "<group>";
		};
		0214525D27CFFCA4007AA82A /* Mar3_TableViewWithCodable */ = {
			isa = PBXGroup;
			children = (
				0214528E27CFFD7D007AA82A /* Hero */,
				0214525E27CFFCA4007AA82A /* AppDelegate.swift */,
				0214529327D00198007AA82A /* DetailViewController.swift */,
				0214526227CFFCA4007AA82A /* ViewController.swift */,
				0214526027CFFCA4007AA82A /* SceneDelegate.swift */,
				0215B04827D9656500FEDE0C /* HeroTableViewCell.swift */,
				0214526427CFFCA4007AA82A /* Main.storyboard */,
				0214526727CFFCA6007AA82A /* Assets.xcassets */,
				0214526927CFFCA6007AA82A /* LaunchScreen.storyboard */,
				0214526C27CFFCA6007AA82A /* Info.plist */,
			);
			path = Mar3_TableViewWithCodable;
			sourceTree = "<group>";
		};
		0214527427CFFCA6007AA82A /* Mar3_TableViewWithCodableTests */ = {
			isa = PBXGroup;
			children = (
				0214527527CFFCA6007AA82A /* Mar3_TableViewWithCodableTests.swift */,
			);
			path = Mar3_TableViewWithCodableTests;
			sourceTree = "<group>";
		};
		0214527E27CFFCA6007AA82A /* Mar3_TableViewWithCodableUITests */ = {
			isa = PBXGroup;
			children = (
				0214527F27CFFCA6007AA82A /* Mar3_TableViewWithCodableUITests.swift */,
				0214528127CFFCA6007AA82A /* Mar3_TableViewWithCodableUITestsLaunchTests.swift */,
			);
			path = Mar3_TableViewWithCodableUITests;
			sourceTree = "<group>";
		};
		0214528E27CFFD7D007AA82A /* Hero */ = {
			isa = PBXGroup;
			children = (
				0214529627D010F8007AA82A /* Utils */,
				0214528F27CFFD86007AA82A /* Hero.swift */,
			);
			path = Hero;
			sourceTree = "<group>";
		};
		0214529627D010F8007AA82A /* Utils */ = {
			isa = PBXGroup;
			children = (
				0214529727D0112B007AA82A /* Extension+UIImageView.swift */,
				0215B04B27D9722E00FEDE0C /* Extension+UserDefaults.swift */,
			);
			path = Utils;
			sourceTree = "<group>";
		};
/* End PBXGroup section */

/* Begin PBXNativeTarget section */
		0214525A27CFFCA4007AA82A /* Mar3_TableViewWithCodable */ = {
			isa = PBXNativeTarget;
			buildConfigurationList = 0214528527CFFCA6007AA82A /* Build configuration list for PBXNativeTarget "Mar3_TableViewWithCodable" */;
			buildPhases = (
				0214525727CFFCA4007AA82A /* Sources */,
				0214525827CFFCA4007AA82A /* Frameworks */,
				0214525927CFFCA4007AA82A /* Resources */,
			);
			buildRules = (
			);
			dependencies = (
			);
			name = Mar3_TableViewWithCodable;
			productName = Mar3_TableViewWithCodable;
			productReference = 0214525B27CFFCA4007AA82A /* Mar3_TableViewWithCodable.app */;
			productType = "com.apple.product-type.application";
		};
		0214527027CFFCA6007AA82A /* Mar3_TableViewWithCodableTests */ = {
			isa = PBXNativeTarget;
			buildConfigurationList = 0214528827CFFCA6007AA82A /* Build configuration list for PBXNativeTarget "Mar3_TableViewWithCodableTests" */;
			buildPhases = (
				0214526D27CFFCA6007AA82A /* Sources */,
				0214526E27CFFCA6007AA82A /* Frameworks */,
				0214526F27CFFCA6007AA82A /* Resources */,
			);
			buildRules = (
			);
			dependencies = (
				0214527327CFFCA6007AA82A /* PBXTargetDependency */,
			);
			name = Mar3_TableViewWithCodableTests;
			productName = Mar3_TableViewWithCodableTests;
			productReference = 0214527127CFFCA6007AA82A /* Mar3_TableViewWithCodableTests.xctest */;
			productType = "com.apple.product-type.bundle.unit-test";
		};
		0214527A27CFFCA6007AA82A /* Mar3_TableViewWithCodableUITests */ = {
			isa = PBXNativeTarget;
			buildConfigurationList = 0214528B27CFFCA6007AA82A /* Build configuration list for PBXNativeTarget "Mar3_TableViewWithCodableUITests" */;
			buildPhases = (
				0214527727CFFCA6007AA82A /* Sources */,
				0214527827CFFCA6007AA82A /* Frameworks */,
				0214527927CFFCA6007AA82A /* Resources */,
			);
			buildRules = (
			);
			dependencies = (
				0214527D27CFFCA6007AA82A /* PBXTargetDependency */,
			);
			name = Mar3_TableViewWithCodableUITests;
			productName = Mar3_TableViewWithCodableUITests;
			productReference = 0214527B27CFFCA6007AA82A /* Mar3_TableViewWithCodableUITests.xctest */;
			productType = "com.apple.product-type.bundle.ui-testing";
		};
/* End PBXNativeTarget section */

/* Begin PBXProject section */
		0214525327CFFCA4007AA82A /* Project object */ = {
			isa = PBXProject;
			attributes = {
				BuildIndependentTargetsInParallel = 1;
				LastSwiftUpdateCheck = 1320;
				LastUpgradeCheck = 1320;
				TargetAttributes = {
					0214525A27CFFCA4007AA82A = {
						CreatedOnToolsVersion = 13.2.1;
					};
					0214527027CFFCA6007AA82A = {
						CreatedOnToolsVersion = 13.2.1;
						TestTargetID = 0214525A27CFFCA4007AA82A;
					};
					0214527A27CFFCA6007AA82A = {
						CreatedOnToolsVersion = 13.2.1;
						TestTargetID = 0214525A27CFFCA4007AA82A;
					};
				};
			};
			buildConfigurationList = 0214525627CFFCA4007AA82A /* Build configuration list for PBXProject "Mar3_TableViewWithCodable" */;
			compatibilityVersion = "Xcode 13.0";
			developmentRegion = en;
			hasScannedForEncodings = 0;
			knownRegions = (
				en,
				Base,
			);
			mainGroup = 0214525227CFFCA4007AA82A;
			productRefGroup = 0214525C27CFFCA4007AA82A /* Products */;
			projectDirPath = "";
			projectRoot = "";
			targets = (
				0214525A27CFFCA4007AA82A /* Mar3_TableViewWithCodable */,
				0214527027CFFCA6007AA82A /* Mar3_TableViewWithCodableTests */,
				0214527A27CFFCA6007AA82A /* Mar3_TableViewWithCodableUITests */,
			);
		};
/* End PBXProject section */

/* Begin PBXResourcesBuildPhase section */
		0214525927CFFCA4007AA82A /* Resources */ = {
			isa = PBXResourcesBuildPhase;
			buildActionMask = 2147483647;
			files = (
				0214526B27CFFCA6007AA82A /* LaunchScreen.storyboard in Resources */,
				0214526827CFFCA6007AA82A /* Assets.xcassets in Resources */,
				0214526627CFFCA4007AA82A /* Main.storyboard in Resources */,
			);
			runOnlyForDeploymentPostprocessing = 0;
		};
		0214526F27CFFCA6007AA82A /* Resources */ = {
			isa = PBXResourcesBuildPhase;
			buildActionMask = 2147483647;
			files = (
			);
			runOnlyForDeploymentPostprocessing = 0;
		};
		0214527927CFFCA6007AA82A /* Resources */ = {
			isa = PBXResourcesBuildPhase;
			buildActionMask = 2147483647;
			files = (
			);
			runOnlyForDeploymentPostprocessing = 0;
		};
/* End PBXResourcesBuildPhase section */

/* Begin PBXSourcesBuildPhase section */
		0214525727CFFCA4007AA82A /* Sources */ = {
			isa = PBXSourcesBuildPhase;
			buildActionMask = 2147483647;
			files = (
				0214526327CFFCA4007AA82A /* ViewController.swift in Sources */,
				0214525F27CFFCA4007AA82A /* AppDelegate.swift in Sources */,
				0214529427D00198007AA82A /* DetailViewController.swift in Sources */,
				0214526127CFFCA4007AA82A /* SceneDelegate.swift in Sources */,
				0214529827D0112B007AA82A /* Extension+UIImageView.swift in Sources */,
				0215B04927D9656500FEDE0C /* HeroTableViewCell.swift in Sources */,
				0215B04C27D9722E00FEDE0C /* Extension+UserDefaults.swift in Sources */,
				0214529027CFFD86007AA82A /* Hero.swift in Sources */,
			);
			runOnlyForDeploymentPostprocessing = 0;
		};
		0214526D27CFFCA6007AA82A /* Sources */ = {
			isa = PBXSourcesBuildPhase;
			buildActionMask = 2147483647;
			files = (
				0214527627CFFCA6007AA82A /* Mar3_TableViewWithCodableTests.swift in Sources */,
			);
			runOnlyForDeploymentPostprocessing = 0;
		};
		0214527727CFFCA6007AA82A /* Sources */ = {
			isa = PBXSourcesBuildPhase;
			buildActionMask = 2147483647;
			files = (
				0214528227CFFCA6007AA82A /* Mar3_TableViewWithCodableUITestsLaunchTests.swift in Sources */,
				0214528027CFFCA6007AA82A /* Mar3_TableViewWithCodableUITests.swift in Sources */,
			);
			runOnlyForDeploymentPostprocessing = 0;
		};
/* End PBXSourcesBuildPhase section */

/* Begin PBXTargetDependency section */
		0214527327CFFCA6007AA82A /* PBXTargetDependency */ = {
			isa = PBXTargetDependency;
			target = 0214525A27CFFCA4007AA82A /* Mar3_TableViewWithCodable */;
			targetProxy = 0214527227CFFCA6007AA82A /* PBXContainerItemProxy */;
		};
		0214527D27CFFCA6007AA82A /* PBXTargetDependency */ = {
			isa = PBXTargetDependency;
			target = 0214525A27CFFCA4007AA82A /* Mar3_TableViewWithCodable */;
			targetProxy = 0214527C27CFFCA6007AA82A /* PBXContainerItemProxy */;
		};
/* End PBXTargetDependency section */

/* Begin PBXVariantGroup section */
		0214526427CFFCA4007AA82A /* Main.storyboard */ = {
			isa = PBXVariantGroup;
			children = (
				0214526527CFFCA4007AA82A /* Base */,
			);
			name = Main.storyboard;
			sourceTree = "<group>";
		};
		0214526927CFFCA6007AA82A /* LaunchScreen.storyboard */ = {
			isa = PBXVariantGroup;
			children = (
				0214526A27CFFCA6007AA82A /* Base */,
			);
			name = LaunchScreen.storyboard;
			sourceTree = "<group>";
		};
/* End PBXVariantGroup section */

/* Begin XCBuildConfiguration section */
		0214528327CFFCA6007AA82A /* Debug */ = {
			isa = XCBuildConfiguration;
			buildSettings = {
				ALWAYS_SEARCH_USER_PATHS = NO;
				CLANG_ANALYZER_NONNULL = YES;
				CLANG_ANALYZER_NUMBER_OBJECT_CONVERSION = YES_AGGRESSIVE;
				CLANG_CXX_LANGUAGE_STANDARD = "gnu++17";
				CLANG_CXX_LIBRARY = "libc++";
				CLANG_ENABLE_MODULES = YES;
				CLANG_ENABLE_OBJC_ARC = YES;
				CLANG_ENABLE_OBJC_WEAK = YES;
				CLANG_WARN_BLOCK_CAPTURE_AUTORELEASING = YES;
				CLANG_WARN_BOOL_CONVERSION = YES;
				CLANG_WARN_COMMA = YES;
				CLANG_WARN_CONSTANT_CONVERSION = YES;
				CLANG_WARN_DEPRECATED_OBJC_IMPLEMENTATIONS = YES;
				CLANG_WARN_DIRECT_OBJC_ISA_USAGE = YES_ERROR;
				CLANG_WARN_DOCUMENTATION_COMMENTS = YES;
				CLANG_WARN_EMPTY_BODY = YES;
				CLANG_WARN_ENUM_CONVERSION = YES;
				CLANG_WARN_INFINITE_RECURSION = YES;
				CLANG_WARN_INT_CONVERSION = YES;
				CLANG_WARN_NON_LITERAL_NULL_CONVERSION = YES;
				CLANG_WARN_OBJC_IMPLICIT_RETAIN_SELF = YES;
				CLANG_WARN_OBJC_LITERAL_CONVERSION = YES;
				CLANG_WARN_OBJC_ROOT_CLASS = YES_ERROR;
				CLANG_WARN_QUOTED_INCLUDE_IN_FRAMEWORK_HEADER = YES;
				CLANG_WARN_RANGE_LOOP_ANALYSIS = YES;
				CLANG_WARN_STRICT_PROTOTYPES = YES;
				CLANG_WARN_SUSPICIOUS_MOVE = YES;
				CLANG_WARN_UNGUARDED_AVAILABILITY = YES_AGGRESSIVE;
				CLANG_WARN_UNREACHABLE_CODE = YES;
				CLANG_WARN__DUPLICATE_METHOD_MATCH = YES;
				COPY_PHASE_STRIP = NO;
				DEBUG_INFORMATION_FORMAT = dwarf;
				ENABLE_STRICT_OBJC_MSGSEND = YES;
				ENABLE_TESTABILITY = YES;
				GCC_C_LANGUAGE_STANDARD = gnu11;
				GCC_DYNAMIC_NO_PIC = NO;
				GCC_NO_COMMON_BLOCKS = YES;
				GCC_OPTIMIZATION_LEVEL = 0;
				GCC_PREPROCESSOR_DEFINITIONS = (
					"DEBUG=1",
					"$(inherited)",
				);
				GCC_WARN_64_TO_32_BIT_CONVERSION = YES;
				GCC_WARN_ABOUT_RETURN_TYPE = YES_ERROR;
				GCC_WARN_UNDECLARED_SELECTOR = YES;
				GCC_WARN_UNINITIALIZED_AUTOS = YES_AGGRESSIVE;
				GCC_WARN_UNUSED_FUNCTION = YES;
				GCC_WARN_UNUSED_VARIABLE = YES;
				IPHONEOS_DEPLOYMENT_TARGET = 15.2;
				MTL_ENABLE_DEBUG_INFO = INCLUDE_SOURCE;
				MTL_FAST_MATH = YES;
				ONLY_ACTIVE_ARCH = YES;
				SDKROOT = iphoneos;
				SWIFT_ACTIVE_COMPILATION_CONDITIONS = DEBUG;
				SWIFT_OPTIMIZATION_LEVEL = "-Onone";
			};
			name = Debug;
		};
		0214528427CFFCA6007AA82A /* Release */ = {
			isa = XCBuildConfiguration;
			buildSettings = {
				ALWAYS_SEARCH_USER_PATHS = NO;
				CLANG_ANALYZER_NONNULL = YES;
				CLANG_ANALYZER_NUMBER_OBJECT_CONVERSION = YES_AGGRESSIVE;
				CLANG_CXX_LANGUAGE_STANDARD = "gnu++17";
				CLANG_CXX_LIBRARY = "libc++";
				CLANG_ENABLE_MODULES = YES;
				CLANG_ENABLE_OBJC_ARC = YES;
				CLANG_ENABLE_OBJC_WEAK = YES;
				CLANG_WARN_BLOCK_CAPTURE_AUTORELEASING = YES;
				CLANG_WARN_BOOL_CONVERSION = YES;
				CLANG_WARN_COMMA = YES;
				CLANG_WARN_CONSTANT_CONVERSION = YES;
				CLANG_WARN_DEPRECATED_OBJC_IMPLEMENTATIONS = YES;
				CLANG_WARN_DIRECT_OBJC_ISA_USAGE = YES_ERROR;
				CLANG_WARN_DOCUMENTATION_COMMENTS = YES;
				CLANG_WARN_EMPTY_BODY = YES;
				CLANG_WARN_ENUM_CONVERSION = YES;
				CLANG_WARN_INFINITE_RECURSION = YES;
				CLANG_WARN_INT_CONVERSION = YES;
				CLANG_WARN_NON_LITERAL_NULL_CONVERSION = YES;
				CLANG_WARN_OBJC_IMPLICIT_RETAIN_SELF = YES;
				CLANG_WARN_OBJC_LITERAL_CONVERSION = YES;
				CLANG_WARN_OBJC_ROOT_CLASS = YES_ERROR;
				CLANG_WARN_QUOTED_INCLUDE_IN_FRAMEWORK_HEADER = YES;
				CLANG_WARN_RANGE_LOOP_ANALYSIS = YES;
				CLANG_WARN_STRICT_PROTOTYPES = YES;
				CLANG_WARN_SUSPICIOUS_MOVE = YES;
				CLANG_WARN_UNGUARDED_AVAILABILITY = YES_AGGRESSIVE;
				CLANG_WARN_UNREACHABLE_CODE = YES;
				CLANG_WARN__DUPLICATE_METHOD_MATCH = YES;
				COPY_PHASE_STRIP = NO;
				DEBUG_INFORMATION_FORMAT = "dwarf-with-dsym";
				ENABLE_NS_ASSERTIONS = NO;
				ENABLE_STRICT_OBJC_MSGSEND = YES;
				GCC_C_LANGUAGE_STANDARD = gnu11;
				GCC_NO_COMMON_BLOCKS = YES;
				GCC_WARN_64_TO_32_BIT_CONVERSION = YES;
				GCC_WARN_ABOUT_RETURN_TYPE = YES_ERROR;
				GCC_WARN_UNDECLARED_SELECTOR = YES;
				GCC_WARN_UNINITIALIZED_AUTOS = YES_AGGRESSIVE;
				GCC_WARN_UNUSED_FUNCTION = YES;
				GCC_WARN_UNUSED_VARIABLE = YES;
				IPHONEOS_DEPLOYMENT_TARGET = 15.2;
				MTL_ENABLE_DEBUG_INFO = NO;
				MTL_FAST_MATH = YES;
				SDKROOT = iphoneos;
				SWIFT_COMPILATION_MODE = wholemodule;
				SWIFT_OPTIMIZATION_LEVEL = "-O";
				VALIDATE_PRODUCT = YES;
			};
			name = Release;
		};
		0214528627CFFCA6007AA82A /* Debug */ = {
			isa = XCBuildConfiguration;
			buildSettings = {
				ASSETCATALOG_COMPILER_APPICON_NAME = AppIcon;
				ASSETCATALOG_COMPILER_GLOBAL_ACCENT_COLOR_NAME = AccentColor;
				CODE_SIGN_STYLE = Automatic;
				CURRENT_PROJECT_VERSION = 1;
				DEVELOPMENT_TEAM = FR9WL9V753;
				GENERATE_INFOPLIST_FILE = YES;
				INFOPLIST_FILE = Mar3_TableViewWithCodable/Info.plist;
				INFOPLIST_KEY_UIApplicationSupportsIndirectInputEvents = YES;
				INFOPLIST_KEY_UILaunchStoryboardName = LaunchScreen;
				INFOPLIST_KEY_UIMainStoryboardFile = Main;
				INFOPLIST_KEY_UISupportedInterfaceOrientations_iPad = "UIInterfaceOrientationPortrait UIInterfaceOrientationPortraitUpsideDown UIInterfaceOrientationLandscapeLeft UIInterfaceOrientationLandscapeRight";
				INFOPLIST_KEY_UISupportedInterfaceOrientations_iPhone = "UIInterfaceOrientationPortrait UIInterfaceOrientationLandscapeLeft UIInterfaceOrientationLandscapeRight";
				LD_RUNPATH_SEARCH_PATHS = (
					"$(inherited)",
					"@executable_path/Frameworks",
				);
				MARKETING_VERSION = 1.0;
				PRODUCT_BUNDLE_IDENTIFIER = "swift-test-personal.Mar3-TableViewWithCodable";
				PRODUCT_NAME = "$(TARGET_NAME)";
				SWIFT_EMIT_LOC_STRINGS = YES;
				SWIFT_VERSION = 5.0;
				TARGETED_DEVICE_FAMILY = "1,2";
			};
			name = Debug;
		};
		0214528727CFFCA6007AA82A /* Release */ = {
			isa = XCBuildConfiguration;
			buildSettings = {
				ASSETCATALOG_COMPILER_APPICON_NAME = AppIcon;
				ASSETCATALOG_COMPILER_GLOBAL_ACCENT_COLOR_NAME = AccentColor;
				CODE_SIGN_STYLE = Automatic;
				CURRENT_PROJECT_VERSION = 1;
				DEVELOPMENT_TEAM = FR9WL9V753;
				GENERATE_INFOPLIST_FILE = YES;
				INFOPLIST_FILE = Mar3_TableViewWithCodable/Info.plist;
				INFOPLIST_KEY_UIApplicationSupportsIndirectInputEvents = YES;
				INFOPLIST_KEY_UILaunchStoryboardName = LaunchScreen;
				INFOPLIST_KEY_UIMainStoryboardFile = Main;
				INFOPLIST_KEY_UISupportedInterfaceOrientations_iPad = "UIInterfaceOrientationPortrait UIInterfaceOrientationPortraitUpsideDown UIInterfaceOrientationLandscapeLeft UIInterfaceOrientationLandscapeRight";
				INFOPLIST_KEY_UISupportedInterfaceOrientations_iPhone = "UIInterfaceOrientationPortrait UIInterfaceOrientationLandscapeLeft UIInterfaceOrientationLandscapeRight";
				LD_RUNPATH_SEARCH_PATHS = (
					"$(inherited)",
					"@executable_path/Frameworks",
				);
				MARKETING_VERSION = 1.0;
				PRODUCT_BUNDLE_IDENTIFIER = "swift-test-personal.Mar3-TableViewWithCodable";
				PRODUCT_NAME = "$(TARGET_NAME)";
				SWIFT_EMIT_LOC_STRINGS = YES;
				SWIFT_VERSION = 5.0;
				TARGETED_DEVICE_FAMILY = "1,2";
			};
			name = Release;
		};
		0214528927CFFCA6007AA82A /* Debug */ = {
			isa = XCBuildConfiguration;
			buildSettings = {
				ALWAYS_EMBED_SWIFT_STANDARD_LIBRARIES = YES;
				BUNDLE_LOADER = "$(TEST_HOST)";
				CODE_SIGN_STYLE = Automatic;
				CURRENT_PROJECT_VERSION = 1;
				DEVELOPMENT_TEAM = FR9WL9V753;
				GENERATE_INFOPLIST_FILE = YES;
				IPHONEOS_DEPLOYMENT_TARGET = 15.2;
				MARKETING_VERSION = 1.0;
				PRODUCT_BUNDLE_IDENTIFIER = "swift-test-personal.Mar3-TableViewWithCodableTests";
				PRODUCT_NAME = "$(TARGET_NAME)";
				SWIFT_EMIT_LOC_STRINGS = NO;
				SWIFT_VERSION = 5.0;
				TARGETED_DEVICE_FAMILY = "1,2";
				TEST_HOST = "$(BUILT_PRODUCTS_DIR)/Mar3_TableViewWithCodable.app/Mar3_TableViewWithCodable";
			};
			name = Debug;
		};
		0214528A27CFFCA6007AA82A /* Release */ = {
			isa = XCBuildConfiguration;
			buildSettings = {
				ALWAYS_EMBED_SWIFT_STANDARD_LIBRARIES = YES;
				BUNDLE_LOADER = "$(TEST_HOST)";
				CODE_SIGN_STYLE = Automatic;
				CURRENT_PROJECT_VERSION = 1;
				DEVELOPMENT_TEAM = FR9WL9V753;
				GENERATE_INFOPLIST_FILE = YES;
				IPHONEOS_DEPLOYMENT_TARGET = 15.2;
				MARKETING_VERSION = 1.0;
				PRODUCT_BUNDLE_IDENTIFIER = "swift-test-personal.Mar3-TableViewWithCodableTests";
				PRODUCT_NAME = "$(TARGET_NAME)";
				SWIFT_EMIT_LOC_STRINGS = NO;
				SWIFT_VERSION = 5.0;
				TARGETED_DEVICE_FAMILY = "1,2";
				TEST_HOST = "$(BUILT_PRODUCTS_DIR)/Mar3_TableViewWithCodable.app/Mar3_TableViewWithCodable";
			};
			name = Release;
		};
		0214528C27CFFCA6007AA82A /* Debug */ = {
			isa = XCBuildConfiguration;
			buildSettings = {
				ALWAYS_EMBED_SWIFT_STANDARD_LIBRARIES = YES;
				CODE_SIGN_STYLE = Automatic;
				CURRENT_PROJECT_VERSION = 1;
				DEVELOPMENT_TEAM = FR9WL9V753;
				GENERATE_INFOPLIST_FILE = YES;
				MARKETING_VERSION = 1.0;
				PRODUCT_BUNDLE_IDENTIFIER = "swift-test-personal.Mar3-TableViewWithCodableUITests";
				PRODUCT_NAME = "$(TARGET_NAME)";
				SWIFT_EMIT_LOC_STRINGS = NO;
				SWIFT_VERSION = 5.0;
				TARGETED_DEVICE_FAMILY = "1,2";
				TEST_TARGET_NAME = Mar3_TableViewWithCodable;
			};
			name = Debug;
		};
		0214528D27CFFCA6007AA82A /* Release */ = {
			isa = XCBuildConfiguration;
			buildSettings = {
				ALWAYS_EMBED_SWIFT_STANDARD_LIBRARIES = YES;
				CODE_SIGN_STYLE = Automatic;
				CURRENT_PROJECT_VERSION = 1;
				DEVELOPMENT_TEAM = FR9WL9V753;
				GENERATE_INFOPLIST_FILE = YES;
				MARKETING_VERSION = 1.0;
				PRODUCT_BUNDLE_IDENTIFIER = "swift-test-personal.Mar3-TableViewWithCodableUITests";
				PRODUCT_NAME = "$(TARGET_NAME)";
				SWIFT_EMIT_LOC_STRINGS = NO;
				SWIFT_VERSION = 5.0;
				TARGETED_DEVICE_FAMILY = "1,2";
				TEST_TARGET_NAME = Mar3_TableViewWithCodable;
			};
			name = Release;
		};
/* End XCBuildConfiguration section */

/* Begin XCConfigurationList section */
		0214525627CFFCA4007AA82A /* Build configuration list for PBXProject "Mar3_TableViewWithCodable" */ = {
			isa = XCConfigurationList;
			buildConfigurations = (
				0214528327CFFCA6007AA82A /* Debug */,
				0214528427CFFCA6007AA82A /* Release */,
			);
			defaultConfigurationIsVisible = 0;
			defaultConfigurationName = Release;
		};
		0214528527CFFCA6007AA82A /* Build configuration list for PBXNativeTarget "Mar3_TableViewWithCodable" */ = {
			isa = XCConfigurationList;
			buildConfigurations = (
				0214528627CFFCA6007AA82A /* Debug */,
				0214528727CFFCA6007AA82A /* Release */,
			);
			defaultConfigurationIsVisible = 0;
			defaultConfigurationName = Release;
		};
		0214528827CFFCA6007AA82A /* Build configuration list for PBXNativeTarget "Mar3_TableViewWithCodableTests" */ = {
			isa = XCConfigurationList;
			buildConfigurations = (
				0214528927CFFCA6007AA82A /* Debug */,
				0214528A27CFFCA6007AA82A /* Release */,
			);
			defaultConfigurationIsVisible = 0;
			defaultConfigurationName = Release;
		};
		0214528B27CFFCA6007AA82A /* Build configuration list for PBXNativeTarget "Mar3_TableViewWithCodableUITests" */ = {
			isa = XCConfigurationList;
			buildConfigurations = (
				0214528C27CFFCA6007AA82A /* Debug */,
				0214528D27CFFCA6007AA82A /* Release */,
			);
			defaultConfigurationIsVisible = 0;
			defaultConfigurationName = Release;
		};
/* End XCConfigurationList section */
	};
	rootObject = 0214525327CFFCA4007AA82A /* Project object */;
}
